
Microsoft Visual Studio Solution File, Format Version 11.00
# Visual C# Express 2010
Project("{FAE04EC0-301F-11D3-BF4B-00C04F79EFBC}") = "STBL Resource Editor", "STBL Resource Editor.csproj", "{834A2E36-F508-4868-AD68-1D216B609046}"
EndProject
Global
	GlobalSection(SolutionConfigurationPlatforms) = preSolution
		Debug|Any CPU = Debug|Any CPU
		Release|Any CPU = Release|Any CPU
	EndGlobalSection
	GlobalSection(ProjectConfigurationPlatforms) = postSolution
		{834A2E36-F508-4868-AD68-1D216B609046}.Debug|Any CPU.ActiveCfg = Debug|Any CPU
		{834A2E36-F508-4868-AD68-1D216B609046}.Debug|Any CPU.Build.0 = Debug|Any CPU
		{834A2E36-F508-4868-AD68-1D216B609046}.Release|Any CPU.ActiveCfg = Release|Any CPU
		{834A2E36-F508-4868-AD68-1D216B609046}.Release|Any CPU.Build.0 = Release|Any CPU
	EndGlobalSection
	GlobalSection(SolutionProperties) = preSolution
		HideSolutionNode = FALSE
	EndGlobalSection
EndGlobal
