
Microsoft Visual Studio Solution File, Format Version 12.00
# Visual Studio 2013
VisualStudioVersion = 12.0.30501.0
MinimumVisualStudioVersion = 10.0.40219.1
Project("{FAE04EC0-301F-11D3-BF4B-00C04F79EFBC}") = "CreateAssemblyVersion", "CreateAssemblyVersion\CreateAssemblyVersion.csproj", "{114622FB-D6BF-4EA7-9BB9-FB06B5A01212}"
EndProject
Project("{FAE04EC0-301F-11D3-BF4B-00C04F79EFBC}") = "CS System Classes", "..\CS System Classes\CS System Classes.csproj", "{00200E76-C245-42A7-B567-5C30EDBCE977}"
EndProject
Project("{FAE04EC0-301F-11D3-BF4B-00C04F79EFBC}") = "Settings", "Settings\Settings.csproj", "{374F37CF-1F27-4613-96FD-9B956A3D82B1}"
EndProject
Project("{FAE04EC0-301F-11D3-BF4B-00C04F79EFBC}") = "Interfaces", "Interfaces\Interfaces.csproj", "{51023BD2-9139-438D-B794-95E5EC023537}"
EndProject
Project("{FAE04EC0-301F-11D3-BF4B-00C04F79EFBC}") = "WrapperDealer", "WrapperDealer\WrapperDealer.csproj", "{FE111523-3266-409B-BC72-F8D4A909A554}"
EndProject
Project("{FAE04EC0-301F-11D3-BF4B-00C04F79EFBC}") = "Package", "Package\Package.csproj", "{9D8BB6F7-373E-4FBC-B5E8-9709B4CE9A37}"
EndProject
Project("{FAE04EC0-301F-11D3-BF4B-00C04F79EFBC}") = "DefaultResource", "..\s4pi Wrappers\DefaultResource\DefaultResource.csproj", "{06330E2B-9F3F-4A45-8B47-11795F5100FB}"
EndProject
Project("{FAE04EC0-301F-11D3-BF4B-00C04F79EFBC}") = "NameMapResource", "..\s4pi Wrappers\NameMapResource\NameMapResource.csproj", "{5B43F245-AB0D-49FA-BC1E-1168103C7522}"
EndProject
Project("{FAE04EC0-301F-11D3-BF4B-00C04F79EFBC}") = "CatalogResource", "..\s4pi Wrappers\CatalogResource\CatalogResource.csproj", "{0E257AB5-B560-462B-8B6C-631A90380D9E}"
EndProject
Project("{FAE04EC0-301F-11D3-BF4B-00C04F79EFBC}") = "StblResource", "..\s4pi Wrappers\StblResource\StblResource.csproj", "{672D72EC-89DA-4EF3-88CC-BEEC5BA478B2}"
EndProject
Project("{FAE04EC0-301F-11D3-BF4B-00C04F79EFBC}") = "ModularResource", "..\s4pi Wrappers\ModularResource\ModularResource.csproj", "{4C8EEE00-88BB-4A22-BEB2-68245D98CB78}"
EndProject
Project("{FAE04EC0-301F-11D3-BF4B-00C04F79EFBC}") = "ObjKeyResource", "..\s4pi Wrappers\ObjKeyResource\ObjKeyResource.csproj", "{C0297A33-3628-46E9-9324-408A72E2E922}"
EndProject
Project("{FAE04EC0-301F-11D3-BF4B-00C04F79EFBC}") = "TxtcResource", "..\s4pi Wrappers\TxtcResource\TxtcResource.csproj", "{264DE8C9-33D0-451E-9067-8BA0CF2BFACE}"
EndProject
Project("{FAE04EC0-301F-11D3-BF4B-00C04F79EFBC}") = "TextResource", "..\s4pi Wrappers\TextResource\TextResource.csproj", "{C55762F3-6EEF-4E65-8A9A-CC6022ACAB79}"
EndProject
Project("{FAE04EC0-301F-11D3-BF4B-00C04F79EFBC}") = "ImageResource", "..\s4pi Wrappers\ImageResource\ImageResource.csproj", "{AD53972B-D73E-4935-A4AD-3EBE0E3516F2}"
EndProject
Project("{FAE04EC0-301F-11D3-BF4B-00C04F79EFBC}") = "ScriptResource", "..\s4pi Wrappers\ScriptResource\ScriptResource.csproj", "{660E9B93-FECD-4C76-893C-F9E63ADD708E}"
EndProject
Project("{FAE04EC0-301F-11D3-BF4B-00C04F79EFBC}") = "ComplateResource", "..\s4pi Wrappers\ComplateResource\ComplateResource.csproj", "{513B8C1F-2BE4-46D6-B95D-836A1F36855E}"
EndProject
Project("{FAE04EC0-301F-11D3-BF4B-00C04F79EFBC}") = "CASPartResource", "..\s4pi Wrappers\CASPartResource\CASPartResource.csproj", "{38D21F02-C139-43C8-8B74-D84E22B89F50}"
EndProject
Project("{FAE04EC0-301F-11D3-BF4B-00C04F79EFBC}") = "JazzResource", "..\s4pi Wrappers\JazzResource\JazzResource.csproj", "{7AFF0D94-4F70-4A1B-842C-24EA613807B7}"
EndProject
Project("{FAE04EC0-301F-11D3-BF4B-00C04F79EFBC}") = "NGMPHashMapResource", "..\s4pi Wrappers\NGMPHashMapResource\NGMPHashMapResource.csproj", "{F9D57571-FB42-455D-96DA-E1E11347A664}"
EndProject
Project("{FAE04EC0-301F-11D3-BF4B-00C04F79EFBC}") = "RigResource", "..\s4pi Wrappers\RigResource\RigResource.csproj", "{77AD91D9-4BD8-4899-9308-E6209265F636}"
EndProject
Project("{FAE04EC0-301F-11D3-BF4B-00C04F79EFBC}") = "GenericRCOLResource", "..\s4pi Wrappers\GenericRCOLResource\GenericRCOLResource.csproj", "{47693A2A-1F86-47CA-A170-CC0C195A53B7}"
EndProject
Project("{FAE04EC0-301F-11D3-BF4B-00C04F79EFBC}") = "s4piRCOLChunks", "..\s4pi Wrappers\s4piRCOLChunks\s4piRCOLChunks.csproj", "{F2E30D04-82C7-487F-B9E8-E8BABB1C94E1}"
EndProject
Project("{FAE04EC0-301F-11D3-BF4B-00C04F79EFBC}") = "MeshChunks", "..\s4pi Wrappers\MeshChunks\MeshChunks.csproj", "{B1E4D2EC-5027-4F44-8C46-A0485DFF7060}"
EndProject
Project("{FAE04EC0-301F-11D3-BF4B-00C04F79EFBC}") = "Extensions", "..\s4pi Extras\Extensions\Extensions.csproj", "{9B4C57BA-E09F-4439-98B4-B9B535A4ABF6}"
EndProject
Project("{FAE04EC0-301F-11D3-BF4B-00C04F79EFBC}") = "CustomForms", "..\s4pi Extras\CustomForms\CustomForms.csproj", "{7314C38A-1519-4C58-998E-C88E4DA91086}"
EndProject
Project("{FAE04EC0-301F-11D3-BF4B-00C04F79EFBC}") = "Helpers", "..\s4pi Extras\Helpers\Helpers.csproj", "{D9B63641-D3BE-4120-9115-7D67B1238FBF}"
EndProject
Project("{FAE04EC0-301F-11D3-BF4B-00C04F79EFBC}") = "s4piControls", "..\s4pi Extras\s4piControls\s4piControls.csproj", "{DF6E6825-5488-43EC-81A5-0EE87945228B}"
EndProject
Project("{FAE04EC0-301F-11D3-BF4B-00C04F79EFBC}") = "DDSPanel", "..\s4pi Extras\DDSPanel\DDSPanel.csproj", "{901D5F73-7DAC-49C3-9A5F-33EEA1E97F22}"
EndProject
Project("{FAE04EC0-301F-11D3-BF4B-00C04F79EFBC}") = "Filetable", "..\s4pi Extras\Filetable\Filetable.csproj", "{FEAA8674-9363-4BC7-B016-7BE984A2D185}"
EndProject
Project("{FAE04EC0-301F-11D3-BF4B-00C04F79EFBC}") = "build", "build\build.csproj", "{193F39E4-BD0D-41A6-B358-52DA235D60A9}"
EndProject
Project("{FAE04EC0-301F-11D3-BF4B-00C04F79EFBC}") = "UserCAStPresetResource", "..\s4pi Wrappers\UserCAStPresetResource\UserCAStPresetResource.csproj", "{FFD7447B-FE8C-4FD6-9E5B-7B960DCB2A9C}"
EndProject
Global
	GlobalSection(SolutionConfigurationPlatforms) = preSolution
		Debug|Any CPU = Debug|Any CPU
		Release|Any CPU = Release|Any CPU
	EndGlobalSection
	GlobalSection(ProjectConfigurationPlatforms) = postSolution
		{114622FB-D6BF-4EA7-9BB9-FB06B5A01212}.Debug|Any CPU.ActiveCfg = Debug|Any CPU
		{114622FB-D6BF-4EA7-9BB9-FB06B5A01212}.Debug|Any CPU.Build.0 = Debug|Any CPU
		{114622FB-D6BF-4EA7-9BB9-FB06B5A01212}.Release|Any CPU.ActiveCfg = Release|Any CPU
		{114622FB-D6BF-4EA7-9BB9-FB06B5A01212}.Release|Any CPU.Build.0 = Release|Any CPU
		{00200E76-C245-42A7-B567-5C30EDBCE977}.Debug|Any CPU.ActiveCfg = Debug|Any CPU
		{00200E76-C245-42A7-B567-5C30EDBCE977}.Debug|Any CPU.Build.0 = Debug|Any CPU
		{00200E76-C245-42A7-B567-5C30EDBCE977}.Release|Any CPU.ActiveCfg = Release|Any CPU
		{00200E76-C245-42A7-B567-5C30EDBCE977}.Release|Any CPU.Build.0 = Release|Any CPU
		{374F37CF-1F27-4613-96FD-9B956A3D82B1}.Debug|Any CPU.ActiveCfg = Debug|Any CPU
		{374F37CF-1F27-4613-96FD-9B956A3D82B1}.Debug|Any CPU.Build.0 = Debug|Any CPU
		{374F37CF-1F27-4613-96FD-9B956A3D82B1}.Release|Any CPU.ActiveCfg = Release|Any CPU
		{374F37CF-1F27-4613-96FD-9B956A3D82B1}.Release|Any CPU.Build.0 = Release|Any CPU
		{51023BD2-9139-438D-B794-95E5EC023537}.Debug|Any CPU.ActiveCfg = Debug|Any CPU
		{51023BD2-9139-438D-B794-95E5EC023537}.Debug|Any CPU.Build.0 = Debug|Any CPU
		{51023BD2-9139-438D-B794-95E5EC023537}.Release|Any CPU.ActiveCfg = Release|Any CPU
		{51023BD2-9139-438D-B794-95E5EC023537}.Release|Any CPU.Build.0 = Release|Any CPU
		{FE111523-3266-409B-BC72-F8D4A909A554}.Debug|Any CPU.ActiveCfg = Debug|Any CPU
		{FE111523-3266-409B-BC72-F8D4A909A554}.Debug|Any CPU.Build.0 = Debug|Any CPU
		{FE111523-3266-409B-BC72-F8D4A909A554}.Release|Any CPU.ActiveCfg = Release|Any CPU
		{FE111523-3266-409B-BC72-F8D4A909A554}.Release|Any CPU.Build.0 = Release|Any CPU
		{9D8BB6F7-373E-4FBC-B5E8-9709B4CE9A37}.Debug|Any CPU.ActiveCfg = Debug|Any CPU
		{9D8BB6F7-373E-4FBC-B5E8-9709B4CE9A37}.Debug|Any CPU.Build.0 = Debug|Any CPU
		{9D8BB6F7-373E-4FBC-B5E8-9709B4CE9A37}.Release|Any CPU.ActiveCfg = Release|Any CPU
		{9D8BB6F7-373E-4FBC-B5E8-9709B4CE9A37}.Release|Any CPU.Build.0 = Release|Any CPU
		{06330E2B-9F3F-4A45-8B47-11795F5100FB}.Debug|Any CPU.ActiveCfg = Debug|Any CPU
		{06330E2B-9F3F-4A45-8B47-11795F5100FB}.Debug|Any CPU.Build.0 = Debug|Any CPU
		{06330E2B-9F3F-4A45-8B47-11795F5100FB}.Release|Any CPU.ActiveCfg = Release|Any CPU
		{06330E2B-9F3F-4A45-8B47-11795F5100FB}.Release|Any CPU.Build.0 = Release|Any CPU
		{5B43F245-AB0D-49FA-BC1E-1168103C7522}.Debug|Any CPU.ActiveCfg = Debug|Any CPU
		{5B43F245-AB0D-49FA-BC1E-1168103C7522}.Debug|Any CPU.Build.0 = Debug|Any CPU
		{5B43F245-AB0D-49FA-BC1E-1168103C7522}.Release|Any CPU.ActiveCfg = Release|Any CPU
		{5B43F245-AB0D-49FA-BC1E-1168103C7522}.Release|Any CPU.Build.0 = Release|Any CPU
		{0E257AB5-B560-462B-8B6C-631A90380D9E}.Debug|Any CPU.ActiveCfg = Debug|Any CPU
		{0E257AB5-B560-462B-8B6C-631A90380D9E}.Debug|Any CPU.Build.0 = Debug|Any CPU
		{0E257AB5-B560-462B-8B6C-631A90380D9E}.Release|Any CPU.ActiveCfg = Release|Any CPU
		{0E257AB5-B560-462B-8B6C-631A90380D9E}.Release|Any CPU.Build.0 = Release|Any CPU
		{672D72EC-89DA-4EF3-88CC-BEEC5BA478B2}.Debug|Any CPU.ActiveCfg = Debug|Any CPU
		{672D72EC-89DA-4EF3-88CC-BEEC5BA478B2}.Debug|Any CPU.Build.0 = Debug|Any CPU
		{672D72EC-89DA-4EF3-88CC-BEEC5BA478B2}.Release|Any CPU.ActiveCfg = Release|Any CPU
		{672D72EC-89DA-4EF3-88CC-BEEC5BA478B2}.Release|Any CPU.Build.0 = Release|Any CPU
		{4C8EEE00-88BB-4A22-BEB2-68245D98CB78}.Debug|Any CPU.ActiveCfg = Debug|Any CPU
		{4C8EEE00-88BB-4A22-BEB2-68245D98CB78}.Debug|Any CPU.Build.0 = Debug|Any CPU
		{4C8EEE00-88BB-4A22-BEB2-68245D98CB78}.Release|Any CPU.ActiveCfg = Release|Any CPU
		{4C8EEE00-88BB-4A22-BEB2-68245D98CB78}.Release|Any CPU.Build.0 = Release|Any CPU
		{C0297A33-3628-46E9-9324-408A72E2E922}.Debug|Any CPU.ActiveCfg = Debug|Any CPU
		{C0297A33-3628-46E9-9324-408A72E2E922}.Debug|Any CPU.Build.0 = Debug|Any CPU
		{C0297A33-3628-46E9-9324-408A72E2E922}.Release|Any CPU.ActiveCfg = Release|Any CPU
		{C0297A33-3628-46E9-9324-408A72E2E922}.Release|Any CPU.Build.0 = Release|Any CPU
		{264DE8C9-33D0-451E-9067-8BA0CF2BFACE}.Debug|Any CPU.ActiveCfg = Debug|Any CPU
		{264DE8C9-33D0-451E-9067-8BA0CF2BFACE}.Debug|Any CPU.Build.0 = Debug|Any CPU
		{264DE8C9-33D0-451E-9067-8BA0CF2BFACE}.Release|Any CPU.ActiveCfg = Release|Any CPU
		{264DE8C9-33D0-451E-9067-8BA0CF2BFACE}.Release|Any CPU.Build.0 = Release|Any CPU
		{C55762F3-6EEF-4E65-8A9A-CC6022ACAB79}.Debug|Any CPU.ActiveCfg = Debug|Any CPU
		{C55762F3-6EEF-4E65-8A9A-CC6022ACAB79}.Debug|Any CPU.Build.0 = Debug|Any CPU
		{C55762F3-6EEF-4E65-8A9A-CC6022ACAB79}.Release|Any CPU.ActiveCfg = Release|Any CPU
		{C55762F3-6EEF-4E65-8A9A-CC6022ACAB79}.Release|Any CPU.Build.0 = Release|Any CPU
		{AD53972B-D73E-4935-A4AD-3EBE0E3516F2}.Debug|Any CPU.ActiveCfg = Debug|Any CPU
		{AD53972B-D73E-4935-A4AD-3EBE0E3516F2}.Debug|Any CPU.Build.0 = Debug|Any CPU
		{AD53972B-D73E-4935-A4AD-3EBE0E3516F2}.Release|Any CPU.ActiveCfg = Release|Any CPU
		{AD53972B-D73E-4935-A4AD-3EBE0E3516F2}.Release|Any CPU.Build.0 = Release|Any CPU
		{660E9B93-FECD-4C76-893C-F9E63ADD708E}.Debug|Any CPU.ActiveCfg = Debug|Any CPU
		{660E9B93-FECD-4C76-893C-F9E63ADD708E}.Debug|Any CPU.Build.0 = Debug|Any CPU
		{660E9B93-FECD-4C76-893C-F9E63ADD708E}.Release|Any CPU.ActiveCfg = Release|Any CPU
		{660E9B93-FECD-4C76-893C-F9E63ADD708E}.Release|Any CPU.Build.0 = Release|Any CPU
		{513B8C1F-2BE4-46D6-B95D-836A1F36855E}.Debug|Any CPU.ActiveCfg = Debug|Any CPU
		{513B8C1F-2BE4-46D6-B95D-836A1F36855E}.Debug|Any CPU.Build.0 = Debug|Any CPU
		{513B8C1F-2BE4-46D6-B95D-836A1F36855E}.Release|Any CPU.ActiveCfg = Release|Any CPU
		{513B8C1F-2BE4-46D6-B95D-836A1F36855E}.Release|Any CPU.Build.0 = Release|Any CPU
		{38D21F02-C139-43C8-8B74-D84E22B89F50}.Debug|Any CPU.ActiveCfg = Debug|Any CPU
		{38D21F02-C139-43C8-8B74-D84E22B89F50}.Debug|Any CPU.Build.0 = Debug|Any CPU
		{38D21F02-C139-43C8-8B74-D84E22B89F50}.Release|Any CPU.ActiveCfg = Release|Any CPU
		{38D21F02-C139-43C8-8B74-D84E22B89F50}.Release|Any CPU.Build.0 = Release|Any CPU
		{7AFF0D94-4F70-4A1B-842C-24EA613807B7}.Debug|Any CPU.ActiveCfg = Debug|Any CPU
		{7AFF0D94-4F70-4A1B-842C-24EA613807B7}.Debug|Any CPU.Build.0 = Debug|Any CPU
		{7AFF0D94-4F70-4A1B-842C-24EA613807B7}.Release|Any CPU.ActiveCfg = Release|Any CPU
		{7AFF0D94-4F70-4A1B-842C-24EA613807B7}.Release|Any CPU.Build.0 = Release|Any CPU
		{F9D57571-FB42-455D-96DA-E1E11347A664}.Debug|Any CPU.ActiveCfg = Debug|Any CPU
		{F9D57571-FB42-455D-96DA-E1E11347A664}.Debug|Any CPU.Build.0 = Debug|Any CPU
		{F9D57571-FB42-455D-96DA-E1E11347A664}.Release|Any CPU.ActiveCfg = Release|Any CPU
		{F9D57571-FB42-455D-96DA-E1E11347A664}.Release|Any CPU.Build.0 = Release|Any CPU
		{77AD91D9-4BD8-4899-9308-E6209265F636}.Debug|Any CPU.ActiveCfg = Debug|Any CPU
		{77AD91D9-4BD8-4899-9308-E6209265F636}.Debug|Any CPU.Build.0 = Debug|Any CPU
		{77AD91D9-4BD8-4899-9308-E6209265F636}.Release|Any CPU.ActiveCfg = Release|Any CPU
		{77AD91D9-4BD8-4899-9308-E6209265F636}.Release|Any CPU.Build.0 = Release|Any CPU
		{47693A2A-1F86-47CA-A170-CC0C195A53B7}.Debug|Any CPU.ActiveCfg = Debug|Any CPU
		{47693A2A-1F86-47CA-A170-CC0C195A53B7}.Debug|Any CPU.Build.0 = Debug|Any CPU
		{47693A2A-1F86-47CA-A170-CC0C195A53B7}.Release|Any CPU.ActiveCfg = Release|Any CPU
		{47693A2A-1F86-47CA-A170-CC0C195A53B7}.Release|Any CPU.Build.0 = Release|Any CPU
		{F2E30D04-82C7-487F-B9E8-E8BABB1C94E1}.Debug|Any CPU.ActiveCfg = Debug|Any CPU
		{F2E30D04-82C7-487F-B9E8-E8BABB1C94E1}.Debug|Any CPU.Build.0 = Debug|Any CPU
		{F2E30D04-82C7-487F-B9E8-E8BABB1C94E1}.Release|Any CPU.ActiveCfg = Release|Any CPU
		{F2E30D04-82C7-487F-B9E8-E8BABB1C94E1}.Release|Any CPU.Build.0 = Release|Any CPU
		{B1E4D2EC-5027-4F44-8C46-A0485DFF7060}.Debug|Any CPU.ActiveCfg = Debug|Any CPU
		{B1E4D2EC-5027-4F44-8C46-A0485DFF7060}.Debug|Any CPU.Build.0 = Debug|Any CPU
		{B1E4D2EC-5027-4F44-8C46-A0485DFF7060}.Release|Any CPU.ActiveCfg = Release|Any CPU
		{B1E4D2EC-5027-4F44-8C46-A0485DFF7060}.Release|Any CPU.Build.0 = Release|Any CPU
		{9B4C57BA-E09F-4439-98B4-B9B535A4ABF6}.Debug|Any CPU.ActiveCfg = Debug|Any CPU
		{9B4C57BA-E09F-4439-98B4-B9B535A4ABF6}.Debug|Any CPU.Build.0 = Debug|Any CPU
		{9B4C57BA-E09F-4439-98B4-B9B535A4ABF6}.Release|Any CPU.ActiveCfg = Release|Any CPU
		{9B4C57BA-E09F-4439-98B4-B9B535A4ABF6}.Release|Any CPU.Build.0 = Release|Any CPU
		{7314C38A-1519-4C58-998E-C88E4DA91086}.Debug|Any CPU.ActiveCfg = Debug|Any CPU
		{7314C38A-1519-4C58-998E-C88E4DA91086}.Debug|Any CPU.Build.0 = Debug|Any CPU
		{7314C38A-1519-4C58-998E-C88E4DA91086}.Release|Any CPU.ActiveCfg = Release|Any CPU
		{7314C38A-1519-4C58-998E-C88E4DA91086}.Release|Any CPU.Build.0 = Release|Any CPU
		{D9B63641-D3BE-4120-9115-7D67B1238FBF}.Debug|Any CPU.ActiveCfg = Debug|Any CPU
		{D9B63641-D3BE-4120-9115-7D67B1238FBF}.Debug|Any CPU.Build.0 = Debug|Any CPU
		{D9B63641-D3BE-4120-9115-7D67B1238FBF}.Release|Any CPU.ActiveCfg = Release|Any CPU
		{D9B63641-D3BE-4120-9115-7D67B1238FBF}.Release|Any CPU.Build.0 = Release|Any CPU
		{DF6E6825-5488-43EC-81A5-0EE87945228B}.Debug|Any CPU.ActiveCfg = Debug|Any CPU
		{DF6E6825-5488-43EC-81A5-0EE87945228B}.Debug|Any CPU.Build.0 = Debug|Any CPU
		{DF6E6825-5488-43EC-81A5-0EE87945228B}.Release|Any CPU.ActiveCfg = Release|Any CPU
		{DF6E6825-5488-43EC-81A5-0EE87945228B}.Release|Any CPU.Build.0 = Release|Any CPU
		{901D5F73-7DAC-49C3-9A5F-33EEA1E97F22}.Debug|Any CPU.ActiveCfg = Debug|Any CPU
		{901D5F73-7DAC-49C3-9A5F-33EEA1E97F22}.Debug|Any CPU.Build.0 = Debug|Any CPU
		{901D5F73-7DAC-49C3-9A5F-33EEA1E97F22}.Release|Any CPU.ActiveCfg = Release|Any CPU
		{901D5F73-7DAC-49C3-9A5F-33EEA1E97F22}.Release|Any CPU.Build.0 = Release|Any CPU
		{FEAA8674-9363-4BC7-B016-7BE984A2D185}.Debug|Any CPU.ActiveCfg = Debug|Any CPU
		{FEAA8674-9363-4BC7-B016-7BE984A2D185}.Debug|Any CPU.Build.0 = Debug|Any CPU
		{FEAA8674-9363-4BC7-B016-7BE984A2D185}.Release|Any CPU.ActiveCfg = Release|Any CPU
		{FEAA8674-9363-4BC7-B016-7BE984A2D185}.Release|Any CPU.Build.0 = Release|Any CPU
		{193F39E4-BD0D-41A6-B358-52DA235D60A9}.Debug|Any CPU.ActiveCfg = Debug|Any CPU
		{193F39E4-BD0D-41A6-B358-52DA235D60A9}.Debug|Any CPU.Build.0 = Debug|Any CPU
		{193F39E4-BD0D-41A6-B358-52DA235D60A9}.Release|Any CPU.ActiveCfg = Release|Any CPU
		{193F39E4-BD0D-41A6-B358-52DA235D60A9}.Release|Any CPU.Build.0 = Release|Any CPU
		{FFD7447B-FE8C-4FD6-9E5B-7B960DCB2A9C}.Debug|Any CPU.ActiveCfg = Debug|Any CPU
		{FFD7447B-FE8C-4FD6-9E5B-7B960DCB2A9C}.Debug|Any CPU.Build.0 = Debug|Any CPU
		{FFD7447B-FE8C-4FD6-9E5B-7B960DCB2A9C}.Release|Any CPU.ActiveCfg = Release|Any CPU
		{FFD7447B-FE8C-4FD6-9E5B-7B960DCB2A9C}.Release|Any CPU.Build.0 = Release|Any CPU
	EndGlobalSection
	GlobalSection(SolutionProperties) = preSolution
		HideSolutionNode = FALSE
	EndGlobalSection
EndGlobal
