
Microsoft Visual Studio Solution File, Format Version 10.00
# Visual C# Express 2008
Project("{FAE04EC0-301F-11D3-BF4B-00C04F79EFBC}") = "Extensions", "Extensions.csproj", "{9B4C57BA-E09F-4439-98B4-B9B535A4ABF6}"
EndProject
Global
	GlobalSection(SolutionConfigurationPlatforms) = preSolution
		Debug|Any CPU = Debug|Any CPU
		Release|Any CPU = Release|Any CPU
	EndGlobalSection
	GlobalSection(ProjectConfigurationPlatforms) = postSolution
		{9B4C57BA-E09F-4439-98B4-B9B535A4ABF6}.Debug|Any CPU.ActiveCfg = Debug|Any CPU
		{9B4C57BA-E09F-4439-98B4-B9B535A4ABF6}.Debug|Any CPU.Build.0 = Debug|Any CPU
		{9B4C57BA-E09F-4439-98B4-B9B535A4ABF6}.Release|Any CPU.ActiveCfg = Release|Any CPU
		{9B4C57BA-E09F-4439-98B4-B9B535A4ABF6}.Release|Any CPU.Build.0 = Release|Any CPU
	EndGlobalSection
	GlobalSection(SolutionProperties) = preSolution
		HideSolutionNode = FALSE
	EndGlobalSection
EndGlobal
