Microsoft Visual Studio Solution File, Format Version 12.00
# Visual Studio 2012
Project("{FAE04EC0-301F-11D3-BF4B-00C04F79EFBC}") = "CreateAssemblyVersion", "s4pi\CreateAssemblyVersion\CreateAssemblyVersion.csproj", "{114622FB-D6BF-4EA7-9BB9-FB06B5A01212}"
EndProject
Project("{FAE04EC0-301F-11D3-BF4B-00C04F79EFBC}") = "CS System Classes", "CS System Classes\CS System Classes.csproj", "{00200E76-C245-42A7-B567-5C30EDBCE977}"
EndProject
Project("{FAE04EC0-301F-11D3-BF4B-00C04F79EFBC}") = "Settings", "s4pi\Settings\Settings.csproj", "{374F37CF-1F27-4613-96FD-9B956A3D82B1}"
EndProject
Project("{FAE04EC0-301F-11D3-BF4B-00C04F79EFBC}") = "Interfaces", "s4pi\Interfaces\Interfaces.csproj", "{51023BD2-9139-438D-B794-95E5EC023537}"
EndProject
Project("{FAE04EC0-301F-11D3-BF4B-00C04F79EFBC}") = "WrapperDealer", "s4pi\WrapperDealer\WrapperDealer.csproj", "{FE111523-3266-409B-BC72-F8D4A909A554}"
EndProject
Project("{FAE04EC0-301F-11D3-BF4B-00C04F79EFBC}") = "Package", "s4pi\Package\Package.csproj", "{9D8BB6F7-373E-4FBC-B5E8-9709B4CE9A37}"
EndProject
Project("{FAE04EC0-301F-11D3-BF4B-00C04F79EFBC}") = "DefaultResource", "s4pi Wrappers\DefaultResource\DefaultResource.csproj", "{06330E2B-9F3F-4A45-8B47-11795F5100FB}"
EndProject
Project("{FAE04EC0-301F-11D3-BF4B-00C04F79EFBC}") = "NameMapResource", "s4pi Wrappers\NameMapResource\NameMapResource.csproj", "{5B43F245-AB0D-49FA-BC1E-1168103C7522}"
EndProject
Project("{FAE04EC0-301F-11D3-BF4B-00C04F79EFBC}") = "CatalogResource", "s4pi Wrappers\CatalogResource\CatalogResource.csproj", "{0E257AB5-B560-462B-8B6C-631A90380D9E}"
EndProject
Project("{FAE04EC0-301F-11D3-BF4B-00C04F79EFBC}") = "StblResource", "s4pi Wrappers\StblResource\StblResource.csproj", "{672D72EC-89DA-4EF3-88CC-BEEC5BA478B2}"
EndProject
Project("{FAE04EC0-301F-11D3-BF4B-00C04F79EFBC}") = "ModularResource", "s4pi Wrappers\ModularResource\ModularResource.csproj", "{4C8EEE00-88BB-4A22-BEB2-68245D98CB78}"
EndProject
Project("{FAE04EC0-301F-11D3-BF4B-00C04F79EFBC}") = "TxtcResource", "s4pi Wrappers\TxtcResource\TxtcResource.csproj", "{264DE8C9-33D0-451E-9067-8BA0CF2BFACE}"
EndProject
Project("{FAE04EC0-301F-11D3-BF4B-00C04F79EFBC}") = "TextResource", "s4pi Wrappers\TextResource\TextResource.csproj", "{C55762F3-6EEF-4E65-8A9A-CC6022ACAB79}"
EndProject
Project("{FAE04EC0-301F-11D3-BF4B-00C04F79EFBC}") = "ImageResource", "s4pi Wrappers\ImageResource\ImageResource.csproj", "{AD53972B-D73E-4935-A4AD-3EBE0E3516F2}"
EndProject
Project("{FAE04EC0-301F-11D3-BF4B-00C04F79EFBC}") = "ComplateResource", "s4pi Wrappers\ComplateResource\ComplateResource.csproj", "{513B8C1F-2BE4-46D6-B95D-836A1F36855E}"
EndProject
Project("{FAE04EC0-301F-11D3-BF4B-00C04F79EFBC}") = "CASPartResource", "s4pi Wrappers\CASPartResource\CASPartResource.csproj", "{38D21F02-C139-43C8-8B74-D84E22B89F50}"
EndProject
Project("{FAE04EC0-301F-11D3-BF4B-00C04F79EFBC}") = "JazzResource", "s4pi Wrappers\JazzResource\JazzResource.csproj", "{7AFF0D94-4F70-4A1B-842C-24EA613807B7}"
EndProject
Project("{FAE04EC0-301F-11D3-BF4B-00C04F79EFBC}") = "NGMPHashMapResource", "s4pi Wrappers\NGMPHashMapResource\NGMPHashMapResource.csproj", "{F9D57571-FB42-455D-96DA-E1E11347A664}"
EndProject
Project("{FAE04EC0-301F-11D3-BF4B-00C04F79EFBC}") = "RigResource", "s4pi Wrappers\RigResource\RigResource.csproj", "{77AD91D9-4BD8-4899-9308-E6209265F636}"
EndProject
Project("{FAE04EC0-301F-11D3-BF4B-00C04F79EFBC}") = "GenericRCOLResource", "s4pi Wrappers\GenericRCOLResource\GenericRCOLResource.csproj", "{47693A2A-1F86-47CA-A170-CC0C195A53B7}"
EndProject
Project("{FAE04EC0-301F-11D3-BF4B-00C04F79EFBC}") = "s4piRCOLChunks", "s4pi Wrappers\s4piRCOLChunks\s4piRCOLChunks.csproj", "{F2E30D04-82C7-487F-B9E8-E8BABB1C94E1}"
EndProject
Project("{FAE04EC0-301F-11D3-BF4B-00C04F79EFBC}") = "MeshChunks", "s4pi Wrappers\MeshChunks\MeshChunks.csproj", "{B1E4D2EC-5027-4F44-8C46-A0485DFF7060}"
EndProject
Project("{FAE04EC0-301F-11D3-BF4B-00C04F79EFBC}") = "Extensions", "s4pi Extras\Extensions\Extensions.csproj", "{9B4C57BA-E09F-4439-98B4-B9B535A4ABF6}"
EndProject
Project("{FAE04EC0-301F-11D3-BF4B-00C04F79EFBC}") = "CustomForms", "s4pi Extras\CustomForms\CustomForms.csproj", "{7314C38A-1519-4C58-998E-C88E4DA91086}"
EndProject
Project("{FAE04EC0-301F-11D3-BF4B-00C04F79EFBC}") = "Helpers", "s4pi Extras\Helpers\Helpers.csproj", "{D9B63641-D3BE-4120-9115-7D67B1238FBF}"
EndProject
Project("{FAE04EC0-301F-11D3-BF4B-00C04F79EFBC}") = "s4piControls", "s4pi Extras\s4piControls\s4piControls.csproj", "{DF6E6825-5488-43EC-81A5-0EE87945228B}"
EndProject
Project("{FAE04EC0-301F-11D3-BF4B-00C04F79EFBC}") = "DDSPanel", "s4pi Extras\DDSPanel\DDSPanel.csproj", "{901D5F73-7DAC-49C3-9A5F-33EEA1E97F22}"
EndProject
Project("{FAE04EC0-301F-11D3-BF4B-00C04F79EFBC}") = "Filetable", "s4pi Extras\Filetable\Filetable.csproj", "{FEAA8674-9363-4BC7-B016-7BE984A2D185}"
EndProject
Project("{FAE04EC0-301F-11D3-BF4B-00C04F79EFBC}") = "buildAll", "s4pi\buildAll\buildAll.csproj", "{193F39E4-BD0D-41A6-B358-52DA235D60A9}"
EndProject
Project("{FAE04EC0-301F-11D3-BF4B-00C04F79EFBC}") = "s4pe", "s4pe\s4pe.csproj", "{0663C11D-1A90-476F-A04D-34D93464A1E0}"
	ProjectSection(ProjectDependencies) = postProject
		{4C8EEE00-88BB-4A22-BEB2-68245D98CB78} = {4C8EEE00-88BB-4A22-BEB2-68245D98CB78}
		{38D21F02-C139-43C8-8B74-D84E22B89F50} = {38D21F02-C139-43C8-8B74-D84E22B89F50}
		{F2E30D04-82C7-487F-B9E8-E8BABB1C94E1} = {F2E30D04-82C7-487F-B9E8-E8BABB1C94E1}
		{3D2A241B-533B-47B5-A8D1-DB3B7953E6A7} = {3D2A241B-533B-47B5-A8D1-DB3B7953E6A7}
		{513B8C1F-2BE4-46D6-B95D-836A1F36855E} = {513B8C1F-2BE4-46D6-B95D-836A1F36855E}
		{E8176722-BE4E-47FF-A8A6-BFF4BE7A5DE8} = {E8176722-BE4E-47FF-A8A6-BFF4BE7A5DE8}
		{47693A2A-1F86-47CA-A170-CC0C195A53B7} = {47693A2A-1F86-47CA-A170-CC0C195A53B7}
		{06330E2B-9F3F-4A45-8B47-11795F5100FB} = {06330E2B-9F3F-4A45-8B47-11795F5100FB}
		{5B43F245-AB0D-49FA-BC1E-1168103C7522} = {5B43F245-AB0D-49FA-BC1E-1168103C7522}
		{F9D57571-FB42-455D-96DA-E1E11347A664} = {F9D57571-FB42-455D-96DA-E1E11347A664}
		{FEAA8674-9363-4BC7-B016-7BE984A2D185} = {FEAA8674-9363-4BC7-B016-7BE984A2D185}
		{7AFF0D94-4F70-4A1B-842C-24EA613807B7} = {7AFF0D94-4F70-4A1B-842C-24EA613807B7}
		{0E257AB5-B560-462B-8B6C-631A90380D9E} = {0E257AB5-B560-462B-8B6C-631A90380D9E}
		{D31E7FC7-E51D-40E4-B2FB-49DE645291E5} = {D31E7FC7-E51D-40E4-B2FB-49DE645291E5}
		{264DE8C9-33D0-451E-9067-8BA0CF2BFACE} = {264DE8C9-33D0-451E-9067-8BA0CF2BFACE}
		{77AD91D9-4BD8-4899-9308-E6209265F636} = {77AD91D9-4BD8-4899-9308-E6209265F636}
		{B33F19DE-F211-4D32-8D03-43024B88F177} = {B33F19DE-F211-4D32-8D03-43024B88F177}
		{193F39E4-BD0D-41A6-B358-52DA235D60A9} = {193F39E4-BD0D-41A6-B358-52DA235D60A9}
		{672D72EC-89DA-4EF3-88CC-BEEC5BA478B2} = {672D72EC-89DA-4EF3-88CC-BEEC5BA478B2}
		{B1E4D2EC-5027-4F44-8C46-A0485DFF7060} = {B1E4D2EC-5027-4F44-8C46-A0485DFF7060}
		{8CBB25F3-E1F1-472B-989D-B14B98577F9C} = {8CBB25F3-E1F1-472B-989D-B14B98577F9C}
		{C55762F3-6EEF-4E65-8A9A-CC6022ACAB79} = {C55762F3-6EEF-4E65-8A9A-CC6022ACAB79}
		{114622FB-D6BF-4EA7-9BB9-FB06B5A01212} = {114622FB-D6BF-4EA7-9BB9-FB06B5A01212}
	EndProjectSection
EndProject
Project("{FAE04EC0-301F-11D3-BF4B-00C04F79EFBC}") = "MiscellaneousResource", "s4pi Wrappers\MiscellaneousResource\MiscellaneousResource.csproj", "{8CBB25F3-E1F1-472B-989D-B14B98577F9C}"
EndProject
Project("{FAE04EC0-301F-11D3-BF4B-00C04F79EFBC}") = "DataResource", "s4pi Wrappers\DataResource\DataResource.csproj", "{E8176722-BE4E-47FF-A8A6-BFF4BE7A5DE8}"
EndProject
Project("{FAE04EC0-301F-11D3-BF4B-00C04F79EFBC}") = "ModelViewer", "s4pe Helpers\ModelViewer\ModelViewer.csproj", "{D31E7FC7-E51D-40E4-B2FB-49DE645291E5}"
EndProject
Project("{FAE04EC0-301F-11D3-BF4B-00C04F79EFBC}") = "AnimationResources", "s4pi Wrappers\AnimationResources\AnimationResources.csproj", "{B33F19DE-F211-4D32-8D03-43024B88F177}"
EndProject
Project("{FAE04EC0-301F-11D3-BF4B-00C04F79EFBC}") = "s4pi.Resource.Commons", "s4pi.Resource.Commons\s4pi.Resource.Commons.csproj", "{3D2A241B-533B-47B5-A8D1-DB3B7953E6A7}"
EndProject
Project("{FAE04EC0-301F-11D3-BF4B-00C04F79EFBC}") = "DDSHelper", "s4pe Helpers\DDSHelper\DDSHelper.csproj", "{66FD661F-6ABA-4D20-950B-419C3D51D407}"
EndProject
Project("{FAE04EC0-301F-11D3-BF4B-00C04F79EFBC}") = "DMAPImageHelper", "s4pe Helpers\DMAPImageHelper\DMAPImageHelper.csproj", "{1D46AC70-F281-4C1B-9E77-A3B7CE7B19A3}"
EndProject
Project("{FAE04EC0-301F-11D3-BF4B-00C04F79EFBC}") = "RLEDDSHelper", "s4pe Helpers\RLEDDSHelper\RLEDDSHelper.csproj", "{E86710E3-89DD-48E5-9BE2-349FDFDD2D26}"
EndProject
Project("{FAE04EC0-301F-11D3-BF4B-00C04F79EFBC}") = "RLESDDSHelper", "s4pe Helpers\RLESDDSHelper\RLESDDSHelper.csproj", "{0E5198FD-098F-4C5D-8007-759E8208B833}"
EndProject
Project("{FAE04EC0-301F-11D3-BF4B-00C04F79EFBC}") = "ThumbnailHelper", "s4pe Helpers\ThumbnailHelper\ThumbnailHelper.csproj", "{EDBE4989-D08B-41A0-BE3C-A68307606DAF}"
EndProject
Project("{FAE04EC0-301F-11D3-BF4B-00C04F79EFBC}") = "s4pi.Commons", "s4pi.Resource.Commons\s4pi.Commons\s4pi.Commons.csproj", "{BDAC59C8-3ABF-439F-9C1C-5112CB22F4AD}"
EndProject
Global
	GlobalSection(SolutionConfigurationPlatforms) = preSolution
		Debug|Any CPU = Debug|Any CPU
		Debug|Mixed Platforms = Debug|Mixed Platforms
		Debug|x86 = Debug|x86
		Release|Any CPU = Release|Any CPU
		Release|Mixed Platforms = Release|Mixed Platforms
		Release|x86 = Release|x86
	EndGlobalSection
	GlobalSection(ProjectConfigurationPlatforms) = postSolution
		{114622FB-D6BF-4EA7-9BB9-FB06B5A01212}.Debug|Any CPU.ActiveCfg = Debug|Any CPU
		{114622FB-D6BF-4EA7-9BB9-FB06B5A01212}.Debug|Any CPU.Build.0 = Debug|Any CPU
		{114622FB-D6BF-4EA7-9BB9-FB06B5A01212}.Debug|Mixed Platforms.ActiveCfg = Debug|Any CPU
		{114622FB-D6BF-4EA7-9BB9-FB06B5A01212}.Debug|Mixed Platforms.Build.0 = Debug|Any CPU
		{114622FB-D6BF-4EA7-9BB9-FB06B5A01212}.Debug|x86.ActiveCfg = Debug|Any CPU
		{114622FB-D6BF-4EA7-9BB9-FB06B5A01212}.Release|Any CPU.ActiveCfg = Release|Any CPU
		{114622FB-D6BF-4EA7-9BB9-FB06B5A01212}.Release|Any CPU.Build.0 = Release|Any CPU
		{114622FB-D6BF-4EA7-9BB9-FB06B5A01212}.Release|Mixed Platforms.ActiveCfg = Release|Any CPU
		{114622FB-D6BF-4EA7-9BB9-FB06B5A01212}.Release|Mixed Platforms.Build.0 = Release|Any CPU
		{114622FB-D6BF-4EA7-9BB9-FB06B5A01212}.Release|x86.ActiveCfg = Release|Any CPU
		{00200E76-C245-42A7-B567-5C30EDBCE977}.Debug|Any CPU.ActiveCfg = Debug|Any CPU
		{00200E76-C245-42A7-B567-5C30EDBCE977}.Debug|Any CPU.Build.0 = Debug|Any CPU
		{00200E76-C245-42A7-B567-5C30EDBCE977}.Debug|Mixed Platforms.ActiveCfg = Debug|Any CPU
		{00200E76-C245-42A7-B567-5C30EDBCE977}.Debug|Mixed Platforms.Build.0 = Debug|Any CPU
		{00200E76-C245-42A7-B567-5C30EDBCE977}.Debug|x86.ActiveCfg = Debug|Any CPU
		{00200E76-C245-42A7-B567-5C30EDBCE977}.Release|Any CPU.ActiveCfg = Release|Any CPU
		{00200E76-C245-42A7-B567-5C30EDBCE977}.Release|Any CPU.Build.0 = Release|Any CPU
		{00200E76-C245-42A7-B567-5C30EDBCE977}.Release|Mixed Platforms.ActiveCfg = Release|Any CPU
		{00200E76-C245-42A7-B567-5C30EDBCE977}.Release|Mixed Platforms.Build.0 = Release|Any CPU
		{00200E76-C245-42A7-B567-5C30EDBCE977}.Release|x86.ActiveCfg = Release|Any CPU
		{374F37CF-1F27-4613-96FD-9B956A3D82B1}.Debug|Any CPU.ActiveCfg = Debug|Any CPU
		{374F37CF-1F27-4613-96FD-9B956A3D82B1}.Debug|Any CPU.Build.0 = Debug|Any CPU
		{374F37CF-1F27-4613-96FD-9B956A3D82B1}.Debug|Mixed Platforms.ActiveCfg = Debug|Any CPU
		{374F37CF-1F27-4613-96FD-9B956A3D82B1}.Debug|Mixed Platforms.Build.0 = Debug|Any CPU
		{374F37CF-1F27-4613-96FD-9B956A3D82B1}.Debug|x86.ActiveCfg = Debug|Any CPU
		{374F37CF-1F27-4613-96FD-9B956A3D82B1}.Release|Any CPU.ActiveCfg = Release|Any CPU
		{374F37CF-1F27-4613-96FD-9B956A3D82B1}.Release|Any CPU.Build.0 = Release|Any CPU
		{374F37CF-1F27-4613-96FD-9B956A3D82B1}.Release|Mixed Platforms.ActiveCfg = Release|Any CPU
		{374F37CF-1F27-4613-96FD-9B956A3D82B1}.Release|Mixed Platforms.Build.0 = Release|Any CPU
		{374F37CF-1F27-4613-96FD-9B956A3D82B1}.Release|x86.ActiveCfg = Release|Any CPU
		{51023BD2-9139-438D-B794-95E5EC023537}.Debug|Any CPU.ActiveCfg = Debug|Any CPU
		{51023BD2-9139-438D-B794-95E5EC023537}.Debug|Any CPU.Build.0 = Debug|Any CPU
		{51023BD2-9139-438D-B794-95E5EC023537}.Debug|Mixed Platforms.ActiveCfg = Debug|Any CPU
		{51023BD2-9139-438D-B794-95E5EC023537}.Debug|Mixed Platforms.Build.0 = Debug|Any CPU
		{51023BD2-9139-438D-B794-95E5EC023537}.Debug|x86.ActiveCfg = Debug|Any CPU
		{51023BD2-9139-438D-B794-95E5EC023537}.Release|Any CPU.ActiveCfg = Release|Any CPU
		{51023BD2-9139-438D-B794-95E5EC023537}.Release|Any CPU.Build.0 = Release|Any CPU
		{51023BD2-9139-438D-B794-95E5EC023537}.Release|Mixed Platforms.ActiveCfg = Release|Any CPU
		{51023BD2-9139-438D-B794-95E5EC023537}.Release|Mixed Platforms.Build.0 = Release|Any CPU
		{51023BD2-9139-438D-B794-95E5EC023537}.Release|x86.ActiveCfg = Release|Any CPU
		{FE111523-3266-409B-BC72-F8D4A909A554}.Debug|Any CPU.ActiveCfg = Debug|Any CPU
		{FE111523-3266-409B-BC72-F8D4A909A554}.Debug|Any CPU.Build.0 = Debug|Any CPU
		{FE111523-3266-409B-BC72-F8D4A909A554}.Debug|Mixed Platforms.ActiveCfg = Debug|Any CPU
		{FE111523-3266-409B-BC72-F8D4A909A554}.Debug|Mixed Platforms.Build.0 = Debug|Any CPU
		{FE111523-3266-409B-BC72-F8D4A909A554}.Debug|x86.ActiveCfg = Debug|Any CPU
		{FE111523-3266-409B-BC72-F8D4A909A554}.Release|Any CPU.ActiveCfg = Release|Any CPU
		{FE111523-3266-409B-BC72-F8D4A909A554}.Release|Any CPU.Build.0 = Release|Any CPU
		{FE111523-3266-409B-BC72-F8D4A909A554}.Release|Mixed Platforms.ActiveCfg = Release|Any CPU
		{FE111523-3266-409B-BC72-F8D4A909A554}.Release|Mixed Platforms.Build.0 = Release|Any CPU
		{FE111523-3266-409B-BC72-F8D4A909A554}.Release|x86.ActiveCfg = Release|Any CPU
		{9D8BB6F7-373E-4FBC-B5E8-9709B4CE9A37}.Debug|Any CPU.ActiveCfg = Debug|Any CPU
		{9D8BB6F7-373E-4FBC-B5E8-9709B4CE9A37}.Debug|Any CPU.Build.0 = Debug|Any CPU
		{9D8BB6F7-373E-4FBC-B5E8-9709B4CE9A37}.Debug|Mixed Platforms.ActiveCfg = Debug|Any CPU
		{9D8BB6F7-373E-4FBC-B5E8-9709B4CE9A37}.Debug|Mixed Platforms.Build.0 = Debug|Any CPU
		{9D8BB6F7-373E-4FBC-B5E8-9709B4CE9A37}.Debug|x86.ActiveCfg = Debug|Any CPU
		{9D8BB6F7-373E-4FBC-B5E8-9709B4CE9A37}.Release|Any CPU.ActiveCfg = Release|Any CPU
		{9D8BB6F7-373E-4FBC-B5E8-9709B4CE9A37}.Release|Any CPU.Build.0 = Release|Any CPU
		{9D8BB6F7-373E-4FBC-B5E8-9709B4CE9A37}.Release|Mixed Platforms.ActiveCfg = Release|Any CPU
		{9D8BB6F7-373E-4FBC-B5E8-9709B4CE9A37}.Release|Mixed Platforms.Build.0 = Release|Any CPU
		{9D8BB6F7-373E-4FBC-B5E8-9709B4CE9A37}.Release|x86.ActiveCfg = Release|Any CPU
		{06330E2B-9F3F-4A45-8B47-11795F5100FB}.Debug|Any CPU.ActiveCfg = Debug|Any CPU
		{06330E2B-9F3F-4A45-8B47-11795F5100FB}.Debug|Any CPU.Build.0 = Debug|Any CPU
		{06330E2B-9F3F-4A45-8B47-11795F5100FB}.Debug|Mixed Platforms.ActiveCfg = Debug|Any CPU
		{06330E2B-9F3F-4A45-8B47-11795F5100FB}.Debug|Mixed Platforms.Build.0 = Debug|Any CPU
		{06330E2B-9F3F-4A45-8B47-11795F5100FB}.Debug|x86.ActiveCfg = Debug|Any CPU
		{06330E2B-9F3F-4A45-8B47-11795F5100FB}.Release|Any CPU.ActiveCfg = Release|Any CPU
		{06330E2B-9F3F-4A45-8B47-11795F5100FB}.Release|Any CPU.Build.0 = Release|Any CPU
		{06330E2B-9F3F-4A45-8B47-11795F5100FB}.Release|Mixed Platforms.ActiveCfg = Release|Any CPU
		{06330E2B-9F3F-4A45-8B47-11795F5100FB}.Release|Mixed Platforms.Build.0 = Release|Any CPU
		{06330E2B-9F3F-4A45-8B47-11795F5100FB}.Release|x86.ActiveCfg = Release|Any CPU
		{5B43F245-AB0D-49FA-BC1E-1168103C7522}.Debug|Any CPU.ActiveCfg = Debug|Any CPU
		{5B43F245-AB0D-49FA-BC1E-1168103C7522}.Debug|Any CPU.Build.0 = Debug|Any CPU
		{5B43F245-AB0D-49FA-BC1E-1168103C7522}.Debug|Mixed Platforms.ActiveCfg = Debug|Any CPU
		{5B43F245-AB0D-49FA-BC1E-1168103C7522}.Debug|Mixed Platforms.Build.0 = Debug|Any CPU
		{5B43F245-AB0D-49FA-BC1E-1168103C7522}.Debug|x86.ActiveCfg = Debug|Any CPU
		{5B43F245-AB0D-49FA-BC1E-1168103C7522}.Release|Any CPU.ActiveCfg = Release|Any CPU
		{5B43F245-AB0D-49FA-BC1E-1168103C7522}.Release|Any CPU.Build.0 = Release|Any CPU
		{5B43F245-AB0D-49FA-BC1E-1168103C7522}.Release|Mixed Platforms.ActiveCfg = Release|Any CPU
		{5B43F245-AB0D-49FA-BC1E-1168103C7522}.Release|Mixed Platforms.Build.0 = Release|Any CPU
		{5B43F245-AB0D-49FA-BC1E-1168103C7522}.Release|x86.ActiveCfg = Release|Any CPU
		{0E257AB5-B560-462B-8B6C-631A90380D9E}.Debug|Any CPU.ActiveCfg = Debug|Any CPU
		{0E257AB5-B560-462B-8B6C-631A90380D9E}.Debug|Any CPU.Build.0 = Debug|Any CPU
		{0E257AB5-B560-462B-8B6C-631A90380D9E}.Debug|Mixed Platforms.ActiveCfg = Debug|Any CPU
		{0E257AB5-B560-462B-8B6C-631A90380D9E}.Debug|Mixed Platforms.Build.0 = Debug|Any CPU
		{0E257AB5-B560-462B-8B6C-631A90380D9E}.Debug|x86.ActiveCfg = Debug|Any CPU
		{0E257AB5-B560-462B-8B6C-631A90380D9E}.Release|Any CPU.ActiveCfg = Release|Any CPU
		{0E257AB5-B560-462B-8B6C-631A90380D9E}.Release|Any CPU.Build.0 = Release|Any CPU
		{0E257AB5-B560-462B-8B6C-631A90380D9E}.Release|Mixed Platforms.ActiveCfg = Release|Any CPU
		{0E257AB5-B560-462B-8B6C-631A90380D9E}.Release|Mixed Platforms.Build.0 = Release|Any CPU
		{0E257AB5-B560-462B-8B6C-631A90380D9E}.Release|x86.ActiveCfg = Release|Any CPU
		{672D72EC-89DA-4EF3-88CC-BEEC5BA478B2}.Debug|Any CPU.ActiveCfg = Debug|Any CPU
		{672D72EC-89DA-4EF3-88CC-BEEC5BA478B2}.Debug|Any CPU.Build.0 = Debug|Any CPU
		{672D72EC-89DA-4EF3-88CC-BEEC5BA478B2}.Debug|Mixed Platforms.ActiveCfg = Debug|Any CPU
		{672D72EC-89DA-4EF3-88CC-BEEC5BA478B2}.Debug|Mixed Platforms.Build.0 = Debug|Any CPU
		{672D72EC-89DA-4EF3-88CC-BEEC5BA478B2}.Debug|x86.ActiveCfg = Debug|Any CPU
		{672D72EC-89DA-4EF3-88CC-BEEC5BA478B2}.Release|Any CPU.ActiveCfg = Release|Any CPU
		{672D72EC-89DA-4EF3-88CC-BEEC5BA478B2}.Release|Any CPU.Build.0 = Release|Any CPU
		{672D72EC-89DA-4EF3-88CC-BEEC5BA478B2}.Release|Mixed Platforms.ActiveCfg = Release|Any CPU
		{672D72EC-89DA-4EF3-88CC-BEEC5BA478B2}.Release|Mixed Platforms.Build.0 = Release|Any CPU
		{672D72EC-89DA-4EF3-88CC-BEEC5BA478B2}.Release|x86.ActiveCfg = Release|Any CPU
		{4C8EEE00-88BB-4A22-BEB2-68245D98CB78}.Debug|Any CPU.ActiveCfg = Debug|Any CPU
		{4C8EEE00-88BB-4A22-BEB2-68245D98CB78}.Debug|Any CPU.Build.0 = Debug|Any CPU
		{4C8EEE00-88BB-4A22-BEB2-68245D98CB78}.Debug|Mixed Platforms.ActiveCfg = Debug|Any CPU
		{4C8EEE00-88BB-4A22-BEB2-68245D98CB78}.Debug|Mixed Platforms.Build.0 = Debug|Any CPU
		{4C8EEE00-88BB-4A22-BEB2-68245D98CB78}.Debug|x86.ActiveCfg = Debug|Any CPU
		{4C8EEE00-88BB-4A22-BEB2-68245D98CB78}.Release|Any CPU.ActiveCfg = Release|Any CPU
		{4C8EEE00-88BB-4A22-BEB2-68245D98CB78}.Release|Any CPU.Build.0 = Release|Any CPU
		{4C8EEE00-88BB-4A22-BEB2-68245D98CB78}.Release|Mixed Platforms.ActiveCfg = Release|Any CPU
		{4C8EEE00-88BB-4A22-BEB2-68245D98CB78}.Release|Mixed Platforms.Build.0 = Release|Any CPU
		{4C8EEE00-88BB-4A22-BEB2-68245D98CB78}.Release|x86.ActiveCfg = Release|Any CPU
		{264DE8C9-33D0-451E-9067-8BA0CF2BFACE}.Debug|Any CPU.ActiveCfg = Debug|Any CPU
		{264DE8C9-33D0-451E-9067-8BA0CF2BFACE}.Debug|Any CPU.Build.0 = Debug|Any CPU
		{264DE8C9-33D0-451E-9067-8BA0CF2BFACE}.Debug|Mixed Platforms.ActiveCfg = Debug|Any CPU
		{264DE8C9-33D0-451E-9067-8BA0CF2BFACE}.Debug|Mixed Platforms.Build.0 = Debug|Any CPU
		{264DE8C9-33D0-451E-9067-8BA0CF2BFACE}.Debug|x86.ActiveCfg = Debug|Any CPU
		{264DE8C9-33D0-451E-9067-8BA0CF2BFACE}.Release|Any CPU.ActiveCfg = Release|Any CPU
		{264DE8C9-33D0-451E-9067-8BA0CF2BFACE}.Release|Any CPU.Build.0 = Release|Any CPU
		{264DE8C9-33D0-451E-9067-8BA0CF2BFACE}.Release|Mixed Platforms.ActiveCfg = Release|Any CPU
		{264DE8C9-33D0-451E-9067-8BA0CF2BFACE}.Release|Mixed Platforms.Build.0 = Release|Any CPU
		{264DE8C9-33D0-451E-9067-8BA0CF2BFACE}.Release|x86.ActiveCfg = Release|Any CPU
		{C55762F3-6EEF-4E65-8A9A-CC6022ACAB79}.Debug|Any CPU.ActiveCfg = Debug|Any CPU
		{C55762F3-6EEF-4E65-8A9A-CC6022ACAB79}.Debug|Any CPU.Build.0 = Debug|Any CPU
		{C55762F3-6EEF-4E65-8A9A-CC6022ACAB79}.Debug|Mixed Platforms.ActiveCfg = Debug|Any CPU
		{C55762F3-6EEF-4E65-8A9A-CC6022ACAB79}.Debug|Mixed Platforms.Build.0 = Debug|Any CPU
		{C55762F3-6EEF-4E65-8A9A-CC6022ACAB79}.Debug|x86.ActiveCfg = Debug|Any CPU
		{C55762F3-6EEF-4E65-8A9A-CC6022ACAB79}.Release|Any CPU.ActiveCfg = Release|Any CPU
		{C55762F3-6EEF-4E65-8A9A-CC6022ACAB79}.Release|Any CPU.Build.0 = Release|Any CPU
		{C55762F3-6EEF-4E65-8A9A-CC6022ACAB79}.Release|Mixed Platforms.ActiveCfg = Release|Any CPU
		{C55762F3-6EEF-4E65-8A9A-CC6022ACAB79}.Release|Mixed Platforms.Build.0 = Release|Any CPU
		{C55762F3-6EEF-4E65-8A9A-CC6022ACAB79}.Release|x86.ActiveCfg = Release|Any CPU
		{AD53972B-D73E-4935-A4AD-3EBE0E3516F2}.Debug|Any CPU.ActiveCfg = Debug|Any CPU
		{AD53972B-D73E-4935-A4AD-3EBE0E3516F2}.Debug|Any CPU.Build.0 = Debug|Any CPU
		{AD53972B-D73E-4935-A4AD-3EBE0E3516F2}.Debug|Mixed Platforms.ActiveCfg = Debug|Any CPU
		{AD53972B-D73E-4935-A4AD-3EBE0E3516F2}.Debug|Mixed Platforms.Build.0 = Debug|Any CPU
		{AD53972B-D73E-4935-A4AD-3EBE0E3516F2}.Debug|x86.ActiveCfg = Debug|Any CPU
		{AD53972B-D73E-4935-A4AD-3EBE0E3516F2}.Release|Any CPU.ActiveCfg = Release|Any CPU
		{AD53972B-D73E-4935-A4AD-3EBE0E3516F2}.Release|Any CPU.Build.0 = Release|Any CPU
		{AD53972B-D73E-4935-A4AD-3EBE0E3516F2}.Release|Mixed Platforms.ActiveCfg = Release|Any CPU
		{AD53972B-D73E-4935-A4AD-3EBE0E3516F2}.Release|Mixed Platforms.Build.0 = Release|Any CPU
		{AD53972B-D73E-4935-A4AD-3EBE0E3516F2}.Release|x86.ActiveCfg = Release|Any CPU
		{513B8C1F-2BE4-46D6-B95D-836A1F36855E}.Debug|Any CPU.ActiveCfg = Debug|Any CPU
		{513B8C1F-2BE4-46D6-B95D-836A1F36855E}.Debug|Any CPU.Build.0 = Debug|Any CPU
		{513B8C1F-2BE4-46D6-B95D-836A1F36855E}.Debug|Mixed Platforms.ActiveCfg = Debug|Any CPU
		{513B8C1F-2BE4-46D6-B95D-836A1F36855E}.Debug|Mixed Platforms.Build.0 = Debug|Any CPU
		{513B8C1F-2BE4-46D6-B95D-836A1F36855E}.Debug|x86.ActiveCfg = Debug|Any CPU
		{513B8C1F-2BE4-46D6-B95D-836A1F36855E}.Release|Any CPU.ActiveCfg = Release|Any CPU
		{513B8C1F-2BE4-46D6-B95D-836A1F36855E}.Release|Any CPU.Build.0 = Release|Any CPU
		{513B8C1F-2BE4-46D6-B95D-836A1F36855E}.Release|Mixed Platforms.ActiveCfg = Release|Any CPU
		{513B8C1F-2BE4-46D6-B95D-836A1F36855E}.Release|Mixed Platforms.Build.0 = Release|Any CPU
		{513B8C1F-2BE4-46D6-B95D-836A1F36855E}.Release|x86.ActiveCfg = Release|Any CPU
		{38D21F02-C139-43C8-8B74-D84E22B89F50}.Debug|Any CPU.ActiveCfg = Debug|Any CPU
		{38D21F02-C139-43C8-8B74-D84E22B89F50}.Debug|Any CPU.Build.0 = Debug|Any CPU
		{38D21F02-C139-43C8-8B74-D84E22B89F50}.Debug|Mixed Platforms.ActiveCfg = Debug|Any CPU
		{38D21F02-C139-43C8-8B74-D84E22B89F50}.Debug|Mixed Platforms.Build.0 = Debug|Any CPU
		{38D21F02-C139-43C8-8B74-D84E22B89F50}.Debug|x86.ActiveCfg = Debug|Any CPU
		{38D21F02-C139-43C8-8B74-D84E22B89F50}.Release|Any CPU.ActiveCfg = Release|Any CPU
		{38D21F02-C139-43C8-8B74-D84E22B89F50}.Release|Any CPU.Build.0 = Release|Any CPU
		{38D21F02-C139-43C8-8B74-D84E22B89F50}.Release|Mixed Platforms.ActiveCfg = Release|Any CPU
		{38D21F02-C139-43C8-8B74-D84E22B89F50}.Release|Mixed Platforms.Build.0 = Release|Any CPU
		{38D21F02-C139-43C8-8B74-D84E22B89F50}.Release|x86.ActiveCfg = Release|Any CPU
		{7AFF0D94-4F70-4A1B-842C-24EA613807B7}.Debug|Any CPU.ActiveCfg = Debug|Any CPU
		{7AFF0D94-4F70-4A1B-842C-24EA613807B7}.Debug|Any CPU.Build.0 = Debug|Any CPU
		{7AFF0D94-4F70-4A1B-842C-24EA613807B7}.Debug|Mixed Platforms.ActiveCfg = Debug|Any CPU
		{7AFF0D94-4F70-4A1B-842C-24EA613807B7}.Debug|Mixed Platforms.Build.0 = Debug|Any CPU
		{7AFF0D94-4F70-4A1B-842C-24EA613807B7}.Debug|x86.ActiveCfg = Debug|Any CPU
		{7AFF0D94-4F70-4A1B-842C-24EA613807B7}.Release|Any CPU.ActiveCfg = Release|Any CPU
		{7AFF0D94-4F70-4A1B-842C-24EA613807B7}.Release|Any CPU.Build.0 = Release|Any CPU
		{7AFF0D94-4F70-4A1B-842C-24EA613807B7}.Release|Mixed Platforms.ActiveCfg = Release|Any CPU
		{7AFF0D94-4F70-4A1B-842C-24EA613807B7}.Release|Mixed Platforms.Build.0 = Release|Any CPU
		{7AFF0D94-4F70-4A1B-842C-24EA613807B7}.Release|x86.ActiveCfg = Release|Any CPU
		{F9D57571-FB42-455D-96DA-E1E11347A664}.Debug|Any CPU.ActiveCfg = Debug|Any CPU
		{F9D57571-FB42-455D-96DA-E1E11347A664}.Debug|Any CPU.Build.0 = Debug|Any CPU
		{F9D57571-FB42-455D-96DA-E1E11347A664}.Debug|Mixed Platforms.ActiveCfg = Debug|Any CPU
		{F9D57571-FB42-455D-96DA-E1E11347A664}.Debug|Mixed Platforms.Build.0 = Debug|Any CPU
		{F9D57571-FB42-455D-96DA-E1E11347A664}.Debug|x86.ActiveCfg = Debug|Any CPU
		{F9D57571-FB42-455D-96DA-E1E11347A664}.Release|Any CPU.ActiveCfg = Release|Any CPU
		{F9D57571-FB42-455D-96DA-E1E11347A664}.Release|Any CPU.Build.0 = Release|Any CPU
		{F9D57571-FB42-455D-96DA-E1E11347A664}.Release|Mixed Platforms.ActiveCfg = Release|Any CPU
		{F9D57571-FB42-455D-96DA-E1E11347A664}.Release|Mixed Platforms.Build.0 = Release|Any CPU
		{F9D57571-FB42-455D-96DA-E1E11347A664}.Release|x86.ActiveCfg = Release|Any CPU
		{77AD91D9-4BD8-4899-9308-E6209265F636}.Debug|Any CPU.ActiveCfg = Debug|Any CPU
		{77AD91D9-4BD8-4899-9308-E6209265F636}.Debug|Any CPU.Build.0 = Debug|Any CPU
		{77AD91D9-4BD8-4899-9308-E6209265F636}.Debug|Mixed Platforms.ActiveCfg = Debug|Any CPU
		{77AD91D9-4BD8-4899-9308-E6209265F636}.Debug|Mixed Platforms.Build.0 = Debug|Any CPU
		{77AD91D9-4BD8-4899-9308-E6209265F636}.Debug|x86.ActiveCfg = Debug|Any CPU
		{77AD91D9-4BD8-4899-9308-E6209265F636}.Release|Any CPU.ActiveCfg = Release|Any CPU
		{77AD91D9-4BD8-4899-9308-E6209265F636}.Release|Any CPU.Build.0 = Release|Any CPU
		{77AD91D9-4BD8-4899-9308-E6209265F636}.Release|Mixed Platforms.ActiveCfg = Release|Any CPU
		{77AD91D9-4BD8-4899-9308-E6209265F636}.Release|Mixed Platforms.Build.0 = Release|Any CPU
		{77AD91D9-4BD8-4899-9308-E6209265F636}.Release|x86.ActiveCfg = Release|Any CPU
		{47693A2A-1F86-47CA-A170-CC0C195A53B7}.Debug|Any CPU.ActiveCfg = Debug|Any CPU
		{47693A2A-1F86-47CA-A170-CC0C195A53B7}.Debug|Any CPU.Build.0 = Debug|Any CPU
		{47693A2A-1F86-47CA-A170-CC0C195A53B7}.Debug|Mixed Platforms.ActiveCfg = Debug|Any CPU
		{47693A2A-1F86-47CA-A170-CC0C195A53B7}.Debug|Mixed Platforms.Build.0 = Debug|Any CPU
		{47693A2A-1F86-47CA-A170-CC0C195A53B7}.Debug|x86.ActiveCfg = Debug|Any CPU
		{47693A2A-1F86-47CA-A170-CC0C195A53B7}.Release|Any CPU.ActiveCfg = Release|Any CPU
		{47693A2A-1F86-47CA-A170-CC0C195A53B7}.Release|Any CPU.Build.0 = Release|Any CPU
		{47693A2A-1F86-47CA-A170-CC0C195A53B7}.Release|Mixed Platforms.ActiveCfg = Release|Any CPU
		{47693A2A-1F86-47CA-A170-CC0C195A53B7}.Release|Mixed Platforms.Build.0 = Release|Any CPU
		{47693A2A-1F86-47CA-A170-CC0C195A53B7}.Release|x86.ActiveCfg = Release|Any CPU
		{F2E30D04-82C7-487F-B9E8-E8BABB1C94E1}.Debug|Any CPU.ActiveCfg = Debug|Any CPU
		{F2E30D04-82C7-487F-B9E8-E8BABB1C94E1}.Debug|Any CPU.Build.0 = Debug|Any CPU
		{F2E30D04-82C7-487F-B9E8-E8BABB1C94E1}.Debug|Mixed Platforms.ActiveCfg = Debug|Any CPU
		{F2E30D04-82C7-487F-B9E8-E8BABB1C94E1}.Debug|Mixed Platforms.Build.0 = Debug|Any CPU
		{F2E30D04-82C7-487F-B9E8-E8BABB1C94E1}.Debug|x86.ActiveCfg = Debug|Any CPU
		{F2E30D04-82C7-487F-B9E8-E8BABB1C94E1}.Release|Any CPU.ActiveCfg = Release|Any CPU
		{F2E30D04-82C7-487F-B9E8-E8BABB1C94E1}.Release|Any CPU.Build.0 = Release|Any CPU
		{F2E30D04-82C7-487F-B9E8-E8BABB1C94E1}.Release|Mixed Platforms.ActiveCfg = Release|Any CPU
		{F2E30D04-82C7-487F-B9E8-E8BABB1C94E1}.Release|Mixed Platforms.Build.0 = Release|Any CPU
		{F2E30D04-82C7-487F-B9E8-E8BABB1C94E1}.Release|x86.ActiveCfg = Release|Any CPU
		{B1E4D2EC-5027-4F44-8C46-A0485DFF7060}.Debug|Any CPU.ActiveCfg = Debug|Any CPU
		{B1E4D2EC-5027-4F44-8C46-A0485DFF7060}.Debug|Any CPU.Build.0 = Debug|Any CPU
		{B1E4D2EC-5027-4F44-8C46-A0485DFF7060}.Debug|Mixed Platforms.ActiveCfg = Debug|Any CPU
		{B1E4D2EC-5027-4F44-8C46-A0485DFF7060}.Debug|Mixed Platforms.Build.0 = Debug|Any CPU
		{B1E4D2EC-5027-4F44-8C46-A0485DFF7060}.Debug|x86.ActiveCfg = Debug|Any CPU
		{B1E4D2EC-5027-4F44-8C46-A0485DFF7060}.Release|Any CPU.ActiveCfg = Release|Any CPU
		{B1E4D2EC-5027-4F44-8C46-A0485DFF7060}.Release|Any CPU.Build.0 = Release|Any CPU
		{B1E4D2EC-5027-4F44-8C46-A0485DFF7060}.Release|Mixed Platforms.ActiveCfg = Release|Any CPU
		{B1E4D2EC-5027-4F44-8C46-A0485DFF7060}.Release|Mixed Platforms.Build.0 = Release|Any CPU
		{B1E4D2EC-5027-4F44-8C46-A0485DFF7060}.Release|x86.ActiveCfg = Release|Any CPU
		{9B4C57BA-E09F-4439-98B4-B9B535A4ABF6}.Debug|Any CPU.ActiveCfg = Debug|Any CPU
		{9B4C57BA-E09F-4439-98B4-B9B535A4ABF6}.Debug|Any CPU.Build.0 = Debug|Any CPU
		{9B4C57BA-E09F-4439-98B4-B9B535A4ABF6}.Debug|Mixed Platforms.ActiveCfg = Debug|Any CPU
		{9B4C57BA-E09F-4439-98B4-B9B535A4ABF6}.Debug|Mixed Platforms.Build.0 = Debug|Any CPU
		{9B4C57BA-E09F-4439-98B4-B9B535A4ABF6}.Debug|x86.ActiveCfg = Debug|Any CPU
		{9B4C57BA-E09F-4439-98B4-B9B535A4ABF6}.Release|Any CPU.ActiveCfg = Release|Any CPU
		{9B4C57BA-E09F-4439-98B4-B9B535A4ABF6}.Release|Any CPU.Build.0 = Release|Any CPU
		{9B4C57BA-E09F-4439-98B4-B9B535A4ABF6}.Release|Mixed Platforms.ActiveCfg = Release|Any CPU
		{9B4C57BA-E09F-4439-98B4-B9B535A4ABF6}.Release|Mixed Platforms.Build.0 = Release|Any CPU
		{9B4C57BA-E09F-4439-98B4-B9B535A4ABF6}.Release|x86.ActiveCfg = Release|Any CPU
		{7314C38A-1519-4C58-998E-C88E4DA91086}.Debug|Any CPU.ActiveCfg = Debug|Any CPU
		{7314C38A-1519-4C58-998E-C88E4DA91086}.Debug|Any CPU.Build.0 = Debug|Any CPU
		{7314C38A-1519-4C58-998E-C88E4DA91086}.Debug|Mixed Platforms.ActiveCfg = Debug|Any CPU
		{7314C38A-1519-4C58-998E-C88E4DA91086}.Debug|Mixed Platforms.Build.0 = Debug|Any CPU
		{7314C38A-1519-4C58-998E-C88E4DA91086}.Debug|x86.ActiveCfg = Debug|Any CPU
		{7314C38A-1519-4C58-998E-C88E4DA91086}.Release|Any CPU.ActiveCfg = Release|Any CPU
		{7314C38A-1519-4C58-998E-C88E4DA91086}.Release|Any CPU.Build.0 = Release|Any CPU
		{7314C38A-1519-4C58-998E-C88E4DA91086}.Release|Mixed Platforms.ActiveCfg = Release|Any CPU
		{7314C38A-1519-4C58-998E-C88E4DA91086}.Release|Mixed Platforms.Build.0 = Release|Any CPU
		{7314C38A-1519-4C58-998E-C88E4DA91086}.Release|x86.ActiveCfg = Release|Any CPU
		{D9B63641-D3BE-4120-9115-7D67B1238FBF}.Debug|Any CPU.ActiveCfg = Debug|Any CPU
		{D9B63641-D3BE-4120-9115-7D67B1238FBF}.Debug|Any CPU.Build.0 = Debug|Any CPU
		{D9B63641-D3BE-4120-9115-7D67B1238FBF}.Debug|Mixed Platforms.ActiveCfg = Debug|Any CPU
		{D9B63641-D3BE-4120-9115-7D67B1238FBF}.Debug|Mixed Platforms.Build.0 = Debug|Any CPU
		{D9B63641-D3BE-4120-9115-7D67B1238FBF}.Debug|x86.ActiveCfg = Debug|Any CPU
		{D9B63641-D3BE-4120-9115-7D67B1238FBF}.Release|Any CPU.ActiveCfg = Release|Any CPU
		{D9B63641-D3BE-4120-9115-7D67B1238FBF}.Release|Any CPU.Build.0 = Release|Any CPU
		{D9B63641-D3BE-4120-9115-7D67B1238FBF}.Release|Mixed Platforms.ActiveCfg = Release|Any CPU
		{D9B63641-D3BE-4120-9115-7D67B1238FBF}.Release|Mixed Platforms.Build.0 = Release|Any CPU
		{D9B63641-D3BE-4120-9115-7D67B1238FBF}.Release|x86.ActiveCfg = Release|Any CPU
		{DF6E6825-5488-43EC-81A5-0EE87945228B}.Debug|Any CPU.ActiveCfg = Debug|Any CPU
		{DF6E6825-5488-43EC-81A5-0EE87945228B}.Debug|Any CPU.Build.0 = Debug|Any CPU
		{DF6E6825-5488-43EC-81A5-0EE87945228B}.Debug|Mixed Platforms.ActiveCfg = Debug|Any CPU
		{DF6E6825-5488-43EC-81A5-0EE87945228B}.Debug|Mixed Platforms.Build.0 = Debug|Any CPU
		{DF6E6825-5488-43EC-81A5-0EE87945228B}.Debug|x86.ActiveCfg = Debug|Any CPU
		{DF6E6825-5488-43EC-81A5-0EE87945228B}.Release|Any CPU.ActiveCfg = Release|Any CPU
		{DF6E6825-5488-43EC-81A5-0EE87945228B}.Release|Any CPU.Build.0 = Release|Any CPU
		{DF6E6825-5488-43EC-81A5-0EE87945228B}.Release|Mixed Platforms.ActiveCfg = Release|Any CPU
		{DF6E6825-5488-43EC-81A5-0EE87945228B}.Release|Mixed Platforms.Build.0 = Release|Any CPU
		{DF6E6825-5488-43EC-81A5-0EE87945228B}.Release|x86.ActiveCfg = Release|Any CPU
		{901D5F73-7DAC-49C3-9A5F-33EEA1E97F22}.Debug|Any CPU.ActiveCfg = Debug|Any CPU
		{901D5F73-7DAC-49C3-9A5F-33EEA1E97F22}.Debug|Any CPU.Build.0 = Debug|Any CPU
		{901D5F73-7DAC-49C3-9A5F-33EEA1E97F22}.Debug|Mixed Platforms.ActiveCfg = Debug|Any CPU
		{901D5F73-7DAC-49C3-9A5F-33EEA1E97F22}.Debug|Mixed Platforms.Build.0 = Debug|Any CPU
		{901D5F73-7DAC-49C3-9A5F-33EEA1E97F22}.Debug|x86.ActiveCfg = Debug|Any CPU
		{901D5F73-7DAC-49C3-9A5F-33EEA1E97F22}.Release|Any CPU.ActiveCfg = Release|Any CPU
		{901D5F73-7DAC-49C3-9A5F-33EEA1E97F22}.Release|Any CPU.Build.0 = Release|Any CPU
		{901D5F73-7DAC-49C3-9A5F-33EEA1E97F22}.Release|Mixed Platforms.ActiveCfg = Release|Any CPU
		{901D5F73-7DAC-49C3-9A5F-33EEA1E97F22}.Release|Mixed Platforms.Build.0 = Release|Any CPU
		{901D5F73-7DAC-49C3-9A5F-33EEA1E97F22}.Release|x86.ActiveCfg = Release|Any CPU
		{FEAA8674-9363-4BC7-B016-7BE984A2D185}.Debug|Any CPU.ActiveCfg = Debug|Any CPU
		{FEAA8674-9363-4BC7-B016-7BE984A2D185}.Debug|Any CPU.Build.0 = Debug|Any CPU
		{FEAA8674-9363-4BC7-B016-7BE984A2D185}.Debug|Mixed Platforms.ActiveCfg = Debug|Any CPU
		{FEAA8674-9363-4BC7-B016-7BE984A2D185}.Debug|Mixed Platforms.Build.0 = Debug|Any CPU
		{FEAA8674-9363-4BC7-B016-7BE984A2D185}.Debug|x86.ActiveCfg = Debug|Any CPU
		{FEAA8674-9363-4BC7-B016-7BE984A2D185}.Release|Any CPU.ActiveCfg = Release|Any CPU
		{FEAA8674-9363-4BC7-B016-7BE984A2D185}.Release|Any CPU.Build.0 = Release|Any CPU
		{FEAA8674-9363-4BC7-B016-7BE984A2D185}.Release|Mixed Platforms.ActiveCfg = Release|Any CPU
		{FEAA8674-9363-4BC7-B016-7BE984A2D185}.Release|Mixed Platforms.Build.0 = Release|Any CPU
		{FEAA8674-9363-4BC7-B016-7BE984A2D185}.Release|x86.ActiveCfg = Release|Any CPU
		{193F39E4-BD0D-41A6-B358-52DA235D60A9}.Debug|Any CPU.ActiveCfg = Debug|Any CPU
		{193F39E4-BD0D-41A6-B358-52DA235D60A9}.Debug|Any CPU.Build.0 = Debug|Any CPU
		{193F39E4-BD0D-41A6-B358-52DA235D60A9}.Debug|Mixed Platforms.ActiveCfg = Debug|Any CPU
		{193F39E4-BD0D-41A6-B358-52DA235D60A9}.Debug|Mixed Platforms.Build.0 = Debug|Any CPU
		{193F39E4-BD0D-41A6-B358-52DA235D60A9}.Debug|x86.ActiveCfg = Debug|Any CPU
		{193F39E4-BD0D-41A6-B358-52DA235D60A9}.Release|Any CPU.ActiveCfg = Release|Any CPU
		{193F39E4-BD0D-41A6-B358-52DA235D60A9}.Release|Any CPU.Build.0 = Release|Any CPU
		{193F39E4-BD0D-41A6-B358-52DA235D60A9}.Release|Mixed Platforms.ActiveCfg = Release|Any CPU
		{193F39E4-BD0D-41A6-B358-52DA235D60A9}.Release|Mixed Platforms.Build.0 = Release|Any CPU
		{193F39E4-BD0D-41A6-B358-52DA235D60A9}.Release|x86.ActiveCfg = Release|Any CPU
		{0663C11D-1A90-476F-A04D-34D93464A1E0}.Debug|Any CPU.ActiveCfg = Debug|Any CPU
		{0663C11D-1A90-476F-A04D-34D93464A1E0}.Debug|Any CPU.Build.0 = Debug|Any CPU
		{0663C11D-1A90-476F-A04D-34D93464A1E0}.Debug|Mixed Platforms.ActiveCfg = Debug|Any CPU
		{0663C11D-1A90-476F-A04D-34D93464A1E0}.Debug|Mixed Platforms.Build.0 = Debug|Any CPU
		{0663C11D-1A90-476F-A04D-34D93464A1E0}.Debug|x86.ActiveCfg = Debug|Any CPU
		{0663C11D-1A90-476F-A04D-34D93464A1E0}.Release|Any CPU.ActiveCfg = Release|Any CPU
		{0663C11D-1A90-476F-A04D-34D93464A1E0}.Release|Any CPU.Build.0 = Release|Any CPU
		{0663C11D-1A90-476F-A04D-34D93464A1E0}.Release|Mixed Platforms.ActiveCfg = Release|Any CPU
		{0663C11D-1A90-476F-A04D-34D93464A1E0}.Release|Mixed Platforms.Build.0 = Release|Any CPU
		{0663C11D-1A90-476F-A04D-34D93464A1E0}.Release|x86.ActiveCfg = Release|Any CPU
		{8CBB25F3-E1F1-472B-989D-B14B98577F9C}.Debug|Any CPU.ActiveCfg = Debug|Any CPU
		{8CBB25F3-E1F1-472B-989D-B14B98577F9C}.Debug|Any CPU.Build.0 = Debug|Any CPU
		{8CBB25F3-E1F1-472B-989D-B14B98577F9C}.Debug|Mixed Platforms.ActiveCfg = Debug|Any CPU
		{8CBB25F3-E1F1-472B-989D-B14B98577F9C}.Debug|Mixed Platforms.Build.0 = Debug|Any CPU
		{8CBB25F3-E1F1-472B-989D-B14B98577F9C}.Debug|x86.ActiveCfg = Debug|Any CPU
		{8CBB25F3-E1F1-472B-989D-B14B98577F9C}.Release|Any CPU.ActiveCfg = Release|Any CPU
		{8CBB25F3-E1F1-472B-989D-B14B98577F9C}.Release|Any CPU.Build.0 = Release|Any CPU
		{8CBB25F3-E1F1-472B-989D-B14B98577F9C}.Release|Mixed Platforms.ActiveCfg = Release|Any CPU
		{8CBB25F3-E1F1-472B-989D-B14B98577F9C}.Release|Mixed Platforms.Build.0 = Release|Any CPU
		{8CBB25F3-E1F1-472B-989D-B14B98577F9C}.Release|x86.ActiveCfg = Release|Any CPU
		{E8176722-BE4E-47FF-A8A6-BFF4BE7A5DE8}.Debug|Any CPU.ActiveCfg = Debug|Any CPU
		{E8176722-BE4E-47FF-A8A6-BFF4BE7A5DE8}.Debug|Any CPU.Build.0 = Debug|Any CPU
		{E8176722-BE4E-47FF-A8A6-BFF4BE7A5DE8}.Debug|Mixed Platforms.ActiveCfg = Debug|Any CPU
		{E8176722-BE4E-47FF-A8A6-BFF4BE7A5DE8}.Debug|Mixed Platforms.Build.0 = Debug|Any CPU
		{E8176722-BE4E-47FF-A8A6-BFF4BE7A5DE8}.Debug|x86.ActiveCfg = Debug|Any CPU
		{E8176722-BE4E-47FF-A8A6-BFF4BE7A5DE8}.Release|Any CPU.ActiveCfg = Release|Any CPU
		{E8176722-BE4E-47FF-A8A6-BFF4BE7A5DE8}.Release|Any CPU.Build.0 = Release|Any CPU
		{E8176722-BE4E-47FF-A8A6-BFF4BE7A5DE8}.Release|Mixed Platforms.ActiveCfg = Release|Any CPU
		{E8176722-BE4E-47FF-A8A6-BFF4BE7A5DE8}.Release|Mixed Platforms.Build.0 = Release|Any CPU
		{E8176722-BE4E-47FF-A8A6-BFF4BE7A5DE8}.Release|x86.ActiveCfg = Release|Any CPU
		{D31E7FC7-E51D-40E4-B2FB-49DE645291E5}.Debug|Any CPU.ActiveCfg = Debug|x86
		{D31E7FC7-E51D-40E4-B2FB-49DE645291E5}.Debug|Mixed Platforms.ActiveCfg = Debug|x86
		{D31E7FC7-E51D-40E4-B2FB-49DE645291E5}.Debug|Mixed Platforms.Build.0 = Debug|x86
		{D31E7FC7-E51D-40E4-B2FB-49DE645291E5}.Debug|x86.ActiveCfg = Debug|x86
		{D31E7FC7-E51D-40E4-B2FB-49DE645291E5}.Debug|x86.Build.0 = Debug|x86
		{D31E7FC7-E51D-40E4-B2FB-49DE645291E5}.Release|Any CPU.ActiveCfg = Release|x86
		{D31E7FC7-E51D-40E4-B2FB-49DE645291E5}.Release|Mixed Platforms.ActiveCfg = Release|x86
		{D31E7FC7-E51D-40E4-B2FB-49DE645291E5}.Release|Mixed Platforms.Build.0 = Release|x86
		{D31E7FC7-E51D-40E4-B2FB-49DE645291E5}.Release|x86.ActiveCfg = Release|x86
		{D31E7FC7-E51D-40E4-B2FB-49DE645291E5}.Release|x86.Build.0 = Release|x86
		{B33F19DE-F211-4D32-8D03-43024B88F177}.Debug|Any CPU.ActiveCfg = Debug|Any CPU
		{B33F19DE-F211-4D32-8D03-43024B88F177}.Debug|Any CPU.Build.0 = Debug|Any CPU
		{B33F19DE-F211-4D32-8D03-43024B88F177}.Debug|Mixed Platforms.ActiveCfg = Debug|Any CPU
		{B33F19DE-F211-4D32-8D03-43024B88F177}.Debug|Mixed Platforms.Build.0 = Debug|Any CPU
		{B33F19DE-F211-4D32-8D03-43024B88F177}.Debug|x86.ActiveCfg = Debug|Any CPU
		{B33F19DE-F211-4D32-8D03-43024B88F177}.Release|Any CPU.ActiveCfg = Release|Any CPU
		{B33F19DE-F211-4D32-8D03-43024B88F177}.Release|Any CPU.Build.0 = Release|Any CPU
		{B33F19DE-F211-4D32-8D03-43024B88F177}.Release|Mixed Platforms.ActiveCfg = Release|Any CPU
		{B33F19DE-F211-4D32-8D03-43024B88F177}.Release|Mixed Platforms.Build.0 = Release|Any CPU
		{B33F19DE-F211-4D32-8D03-43024B88F177}.Release|x86.ActiveCfg = Release|Any CPU
		{3D2A241B-533B-47B5-A8D1-DB3B7953E6A7}.Debug|Any CPU.ActiveCfg = Debug|Any CPU
		{3D2A241B-533B-47B5-A8D1-DB3B7953E6A7}.Debug|Any CPU.Build.0 = Debug|Any CPU
		{3D2A241B-533B-47B5-A8D1-DB3B7953E6A7}.Debug|Mixed Platforms.ActiveCfg = Debug|Any CPU
		{3D2A241B-533B-47B5-A8D1-DB3B7953E6A7}.Debug|Mixed Platforms.Build.0 = Debug|Any CPU
		{3D2A241B-533B-47B5-A8D1-DB3B7953E6A7}.Debug|x86.ActiveCfg = Debug|Any CPU
		{3D2A241B-533B-47B5-A8D1-DB3B7953E6A7}.Release|Any CPU.ActiveCfg = Release|Any CPU
		{3D2A241B-533B-47B5-A8D1-DB3B7953E6A7}.Release|Any CPU.Build.0 = Release|Any CPU
		{3D2A241B-533B-47B5-A8D1-DB3B7953E6A7}.Release|Mixed Platforms.ActiveCfg = Release|Any CPU
		{3D2A241B-533B-47B5-A8D1-DB3B7953E6A7}.Release|Mixed Platforms.Build.0 = Release|Any CPU
		{3D2A241B-533B-47B5-A8D1-DB3B7953E6A7}.Release|x86.ActiveCfg = Release|Any CPU
		{66FD661F-6ABA-4D20-950B-419C3D51D407}.Debug|Any CPU.ActiveCfg = Debug|Any CPU
		{66FD661F-6ABA-4D20-950B-419C3D51D407}.Debug|Any CPU.Build.0 = Debug|Any CPU
		{66FD661F-6ABA-4D20-950B-419C3D51D407}.Debug|Mixed Platforms.ActiveCfg = Debug|Any CPU
		{66FD661F-6ABA-4D20-950B-419C3D51D407}.Debug|Mixed Platforms.Build.0 = Debug|Any CPU
		{66FD661F-6ABA-4D20-950B-419C3D51D407}.Debug|x86.ActiveCfg = Debug|Any CPU
		{66FD661F-6ABA-4D20-950B-419C3D51D407}.Release|Any CPU.ActiveCfg = Release|Any CPU
		{66FD661F-6ABA-4D20-950B-419C3D51D407}.Release|Any CPU.Build.0 = Release|Any CPU
		{66FD661F-6ABA-4D20-950B-419C3D51D407}.Release|Mixed Platforms.ActiveCfg = Release|Any CPU
		{66FD661F-6ABA-4D20-950B-419C3D51D407}.Release|Mixed Platforms.Build.0 = Release|Any CPU
		{66FD661F-6ABA-4D20-950B-419C3D51D407}.Release|x86.ActiveCfg = Release|Any CPU
		{1D46AC70-F281-4C1B-9E77-A3B7CE7B19A3}.Debug|Any CPU.ActiveCfg = Debug|Any CPU
		{1D46AC70-F281-4C1B-9E77-A3B7CE7B19A3}.Debug|Any CPU.Build.0 = Debug|Any CPU
		{1D46AC70-F281-4C1B-9E77-A3B7CE7B19A3}.Debug|Mixed Platforms.ActiveCfg = Debug|Any CPU
		{1D46AC70-F281-4C1B-9E77-A3B7CE7B19A3}.Debug|Mixed Platforms.Build.0 = Debug|Any CPU
		{1D46AC70-F281-4C1B-9E77-A3B7CE7B19A3}.Debug|x86.ActiveCfg = Debug|Any CPU
		{1D46AC70-F281-4C1B-9E77-A3B7CE7B19A3}.Release|Any CPU.ActiveCfg = Release|Any CPU
		{1D46AC70-F281-4C1B-9E77-A3B7CE7B19A3}.Release|Any CPU.Build.0 = Release|Any CPU
		{1D46AC70-F281-4C1B-9E77-A3B7CE7B19A3}.Release|Mixed Platforms.ActiveCfg = Release|Any CPU
		{1D46AC70-F281-4C1B-9E77-A3B7CE7B19A3}.Release|Mixed Platforms.Build.0 = Release|Any CPU
		{1D46AC70-F281-4C1B-9E77-A3B7CE7B19A3}.Release|x86.ActiveCfg = Release|Any CPU
		{E86710E3-89DD-48E5-9BE2-349FDFDD2D26}.Debug|Any CPU.ActiveCfg = Debug|Any CPU
		{E86710E3-89DD-48E5-9BE2-349FDFDD2D26}.Debug|Any CPU.Build.0 = Debug|Any CPU
		{E86710E3-89DD-48E5-9BE2-349FDFDD2D26}.Debug|Mixed Platforms.ActiveCfg = Debug|Any CPU
		{E86710E3-89DD-48E5-9BE2-349FDFDD2D26}.Debug|Mixed Platforms.Build.0 = Debug|Any CPU
		{E86710E3-89DD-48E5-9BE2-349FDFDD2D26}.Debug|x86.ActiveCfg = Debug|Any CPU
		{E86710E3-89DD-48E5-9BE2-349FDFDD2D26}.Release|Any CPU.ActiveCfg = Release|Any CPU
		{E86710E3-89DD-48E5-9BE2-349FDFDD2D26}.Release|Any CPU.Build.0 = Release|Any CPU
		{E86710E3-89DD-48E5-9BE2-349FDFDD2D26}.Release|Mixed Platforms.ActiveCfg = Release|Any CPU
		{E86710E3-89DD-48E5-9BE2-349FDFDD2D26}.Release|Mixed Platforms.Build.0 = Release|Any CPU
		{E86710E3-89DD-48E5-9BE2-349FDFDD2D26}.Release|x86.ActiveCfg = Release|Any CPU
		{0E5198FD-098F-4C5D-8007-759E8208B833}.Debug|Any CPU.ActiveCfg = Debug|Any CPU
		{0E5198FD-098F-4C5D-8007-759E8208B833}.Debug|Any CPU.Build.0 = Debug|Any CPU
		{0E5198FD-098F-4C5D-8007-759E8208B833}.Debug|Mixed Platforms.ActiveCfg = Debug|Any CPU
		{0E5198FD-098F-4C5D-8007-759E8208B833}.Debug|Mixed Platforms.Build.0 = Debug|Any CPU
		{0E5198FD-098F-4C5D-8007-759E8208B833}.Debug|x86.ActiveCfg = Debug|Any CPU
		{0E5198FD-098F-4C5D-8007-759E8208B833}.Release|Any CPU.ActiveCfg = Release|Any CPU
		{0E5198FD-098F-4C5D-8007-759E8208B833}.Release|Any CPU.Build.0 = Release|Any CPU
		{0E5198FD-098F-4C5D-8007-759E8208B833}.Release|Mixed Platforms.ActiveCfg = Release|Any CPU
		{0E5198FD-098F-4C5D-8007-759E8208B833}.Release|Mixed Platforms.Build.0 = Release|Any CPU
		{0E5198FD-098F-4C5D-8007-759E8208B833}.Release|x86.ActiveCfg = Release|Any CPU
		{EDBE4989-D08B-41A0-BE3C-A68307606DAF}.Debug|Any CPU.ActiveCfg = Debug|Any CPU
		{EDBE4989-D08B-41A0-BE3C-A68307606DAF}.Debug|Any CPU.Build.0 = Debug|Any CPU
		{EDBE4989-D08B-41A0-BE3C-A68307606DAF}.Debug|Mixed Platforms.ActiveCfg = Debug|Any CPU
		{EDBE4989-D08B-41A0-BE3C-A68307606DAF}.Debug|Mixed Platforms.Build.0 = Debug|Any CPU
		{EDBE4989-D08B-41A0-BE3C-A68307606DAF}.Debug|x86.ActiveCfg = Debug|Any CPU
		{EDBE4989-D08B-41A0-BE3C-A68307606DAF}.Release|Any CPU.ActiveCfg = Release|Any CPU
		{EDBE4989-D08B-41A0-BE3C-A68307606DAF}.Release|Any CPU.Build.0 = Release|Any CPU
		{EDBE4989-D08B-41A0-BE3C-A68307606DAF}.Release|Mixed Platforms.ActiveCfg = Release|Any CPU
		{EDBE4989-D08B-41A0-BE3C-A68307606DAF}.Release|Mixed Platforms.Build.0 = Release|Any CPU
		{EDBE4989-D08B-41A0-BE3C-A68307606DAF}.Release|x86.ActiveCfg = Release|Any CPU
		{BDAC59C8-3ABF-439F-9C1C-5112CB22F4AD}.Debug|Any CPU.ActiveCfg = Debug|Any CPU
		{BDAC59C8-3ABF-439F-9C1C-5112CB22F4AD}.Debug|Any CPU.Build.0 = Debug|Any CPU
		{BDAC59C8-3ABF-439F-9C1C-5112CB22F4AD}.Debug|Mixed Platforms.ActiveCfg = Debug|Any CPU
		{BDAC59C8-3ABF-439F-9C1C-5112CB22F4AD}.Debug|Mixed Platforms.Build.0 = Debug|Any CPU
		{BDAC59C8-3ABF-439F-9C1C-5112CB22F4AD}.Debug|x86.ActiveCfg = Debug|Any CPU
		{BDAC59C8-3ABF-439F-9C1C-5112CB22F4AD}.Release|Any CPU.ActiveCfg = Release|Any CPU
		{BDAC59C8-3ABF-439F-9C1C-5112CB22F4AD}.Release|Any CPU.Build.0 = Release|Any CPU
		{BDAC59C8-3ABF-439F-9C1C-5112CB22F4AD}.Release|Mixed Platforms.ActiveCfg = Release|Any CPU
		{BDAC59C8-3ABF-439F-9C1C-5112CB22F4AD}.Release|Mixed Platforms.Build.0 = Release|Any CPU
		{BDAC59C8-3ABF-439F-9C1C-5112CB22F4AD}.Release|x86.ActiveCfg = Release|Any CPU
	EndGlobalSection
	GlobalSection(SolutionProperties) = preSolution
		HideSolutionNode = FALSE
	EndGlobalSection
EndGlobal
