
Microsoft Visual Studio Solution File, Format Version 10.00
# Visual C# Express 2008
Project("{FAE04EC0-301F-11D3-BF4B-00C04F79EFBC}") = "ObjKeyResource", "ObjKeyResource.csproj", "{C0297A33-3628-46E9-9324-408A72E2E922}"
EndProject
Global
	GlobalSection(SolutionConfigurationPlatforms) = preSolution
		Debug|Any CPU = Debug|Any CPU
		Release|Any CPU = Release|Any CPU
	EndGlobalSection
	GlobalSection(ProjectConfigurationPlatforms) = postSolution
		{C0297A33-3628-46E9-9324-408A72E2E922}.Debug|Any CPU.ActiveCfg = Debug|Any CPU
		{C0297A33-3628-46E9-9324-408A72E2E922}.Debug|Any CPU.Build.0 = Debug|Any CPU
		{C0297A33-3628-46E9-9324-408A72E2E922}.Release|Any CPU.ActiveCfg = Release|Any CPU
		{C0297A33-3628-46E9-9324-408A72E2E922}.Release|Any CPU.Build.0 = Release|Any CPU
	EndGlobalSection
	GlobalSection(SolutionProperties) = preSolution
		HideSolutionNode = FALSE
	EndGlobalSection
EndGlobal
