
Microsoft Visual Studio Solution File, Format Version 10.00
# Visual C# Express 2008
Project("{FAE04EC0-301F-11D3-BF4B-00C04F79EFBC}") = "CS System Classes", "CS System Classes.csproj", "{00200E76-C245-42A7-B567-5C30EDBCE977}"
EndProject
Global
	GlobalSection(SolutionConfigurationPlatforms) = preSolution
		Debug|Any CPU = Debug|Any CPU
		Release|Any CPU = Release|Any CPU
	EndGlobalSection
	GlobalSection(ProjectConfigurationPlatforms) = postSolution
		{00200E76-C245-42A7-B567-5C30EDBCE977}.Debug|Any CPU.ActiveCfg = Debug|Any CPU
		{00200E76-C245-42A7-B567-5C30EDBCE977}.Debug|Any CPU.Build.0 = Debug|Any CPU
		{00200E76-C245-42A7-B567-5C30EDBCE977}.Release|Any CPU.ActiveCfg = Release|Any CPU
		{00200E76-C245-42A7-B567-5C30EDBCE977}.Release|Any CPU.Build.0 = Release|Any CPU
	EndGlobalSection
	GlobalSection(SolutionProperties) = preSolution
		HideSolutionNode = FALSE
	EndGlobalSection
EndGlobal
